// !$*UTF8*$!
{
	archiveVersion = 1;
	classes = {
	};
	objectVersion = 46;
	objects = {

/* Begin PBXBuildFile section */
		42C01CE1839A474A92880B69 /* libPods.a in Frameworks */ = {isa = PBXBuildFile; fileRef = C3E0C195E5B34249863BF67D /* libPods.a */; };
		D900105119069B2000F0FB09 /* ICPromoViewController.m in Sources */ = {isa = PBXBuildFile; fileRef = D900104F19069B2000F0FB09 /* ICPromoViewController.m */; };
		D900105219069B2000F0FB09 /* ICPromoViewController.xib in Resources */ = {isa = PBXBuildFile; fileRef = D900105019069B2000F0FB09 /* ICPromoViewController.xib */; };
		D906B11B18A924230065E256 /* libsqlite3.dylib in Frameworks */ = {isa = PBXBuildFile; fileRef = D906B11A18A924230065E256 /* libsqlite3.dylib */; };
		D90A9C9E18AE5CEB002B80F4 /* GoogleMaps.framework in Frameworks */ = {isa = PBXBuildFile; fileRef = D90A9C9D18AE5CEB002B80F4 /* GoogleMaps.framework */; };
		D90A9CA018AE5CFE002B80F4 /* GoogleMaps.bundle in Resources */ = {isa = PBXBuildFile; fileRef = D90A9C9F18AE5CFE002B80F4 /* GoogleMaps.bundle */; };
		D90BAE141884306600E03F3E /* ICWelcomeViewController.m in Sources */ = {isa = PBXBuildFile; fileRef = D90BAE121884306600E03F3E /* ICWelcomeViewController.m */; };
		D90BAE151884306600E03F3E /* ICWelcomeViewController.xib in Resources */ = {isa = PBXBuildFile; fileRef = D90BAE131884306600E03F3E /* ICWelcomeViewController.xib */; };
		D90BAE191884353300E03F3E /* ICCreateAccountDialog.m in Sources */ = {isa = PBXBuildFile; fileRef = D90BAE171884353300E03F3E /* ICCreateAccountDialog.m */; };
		D90BAE1E1884356B00E03F3E /* ICLinkCardController.m in Sources */ = {isa = PBXBuildFile; fileRef = D90BAE1C1884356B00E03F3E /* ICLinkCardController.m */; };
		D90BAE231884359500E03F3E /* ICFeedbackViewController.m in Sources */ = {isa = PBXBuildFile; fileRef = D90BAE211884359500E03F3E /* ICFeedbackViewController.m */; };
		D90BAE241884359500E03F3E /* ICFeedbackViewController.xib in Resources */ = {isa = PBXBuildFile; fileRef = D90BAE221884359500E03F3E /* ICFeedbackViewController.xib */; };
		D90BAE271885C89900E03F3E /* ICCreateProfileDialog.m in Sources */ = {isa = PBXBuildFile; fileRef = D90BAE261885C89900E03F3E /* ICCreateProfileDialog.m */; };
		D90BAE2B1885CB2200E03F3E /* QuickDialogController+Additions.m in Sources */ = {isa = PBXBuildFile; fileRef = D90BAE2A1885CB2200E03F3E /* QuickDialogController+Additions.m */; };
		D911228418094462006A49DA /* ICHighlightButton.m in Sources */ = {isa = PBXBuildFile; fileRef = D911228318094462006A49DA /* ICHighlightButton.m */; };
		D92D430F18F11D720052B245 /* MBProgressHud+Global.m in Sources */ = {isa = PBXBuildFile; fileRef = D92D430E18F11D720052B245 /* MBProgressHud+Global.m */; };
		D9329AE51931D9BD00453641 /* ICVehicleSelectionSliderLabel.m in Sources */ = {isa = PBXBuildFile; fileRef = D9329AE41931D9BD00453641 /* ICVehicleSelectionSliderLabel.m */; };
		D9378E5F190A780900F805DB /* UIViewController+Location.m in Sources */ = {isa = PBXBuildFile; fileRef = D9378E5E190A780900F805DB /* UIViewController+Location.m */; };
		D939FFE4190BCC4C00FED191 /* ICLocationLabelView.m in Sources */ = {isa = PBXBuildFile; fileRef = D939FFE3190BCC4C00FED191 /* ICLocationLabelView.m */; };
		D939FFE7190BCCF800FED191 /* ICLocationSingleLabel.m in Sources */ = {isa = PBXBuildFile; fileRef = D939FFE6190BCCF800FED191 /* ICLocationSingleLabel.m */; };
		D940FBC1187552C000288448 /* UIAlertView+Additions.m in Sources */ = {isa = PBXBuildFile; fileRef = D940FBC0187552C000288448 /* UIAlertView+Additions.m */; };
		D940FBC4187553E800288448 /* UIActionSheet+Blocks.m in Sources */ = {isa = PBXBuildFile; fileRef = D940FBC3187553E800288448 /* UIActionSheet+Blocks.m */; };
		D948113F18BCB6720005D348 /* ICPaymentProfile.m in Sources */ = {isa = PBXBuildFile; fileRef = D948113E18BCB6720005D348 /* ICPaymentProfile.m */; };
		D948114118BD3E680005D348 /* libLocalyticsAMP_x64.a in Frameworks */ = {isa = PBXBuildFile; fileRef = D948114018BD3E680005D348 /* libLocalyticsAMP_x64.a */; };
		D9532E1E1819B44E0046E5EC /* ICPing.m in Sources */ = {isa = PBXBuildFile; fileRef = D9532E1D1819B44E0046E5EC /* ICPing.m */; };
		D960BF961948D2880062DC7F /* libGoogleConversionTracking.a in Frameworks */ = {isa = PBXBuildFile; fileRef = D960BF941948D2880062DC7F /* libGoogleConversionTracking.a */; };
		D960BF971948D2880062DC7F /* README.txt in Resources */ = {isa = PBXBuildFile; fileRef = D960BF951948D2880062DC7F /* README.txt */; };
		D96EEB291805895B0048A669 /* ICRequestViewController.xib in Resources */ = {isa = PBXBuildFile; fileRef = D96EEB281805895B0048A669 /* ICRequestViewController.xib */; };
		D97A48D318F03FCB0095B4BC /* ICVerifyMobileViewController.m in Sources */ = {isa = PBXBuildFile; fileRef = D97A48D118F03FCB0095B4BC /* ICVerifyMobileViewController.m */; };
		D97A48D418F03FCB0095B4BC /* ICVerifyMobileViewController.xib in Resources */ = {isa = PBXBuildFile; fileRef = D97A48D218F03FCB0095B4BC /* ICVerifyMobileViewController.xib */; };
		D97B7AE718083E2A00B8315D /* AdSupport.framework in Frameworks */ = {isa = PBXBuildFile; fileRef = D97B7AE618083E2A00B8315D /* AdSupport.framework */; };
		D97CA545194AD2C800DB60CB /* QCustomAppearance.m in Sources */ = {isa = PBXBuildFile; fileRef = D97CA544194AD2C800DB60CB /* QCustomAppearance.m */; };
		D98058BD181A4EE000DD0BBF /* ICTrip.m in Sources */ = {isa = PBXBuildFile; fileRef = D98058BC181A4EE000DD0BBF /* ICTrip.m */; };
		D98058C0181A518700DD0BBF /* ICDriver.m in Sources */ = {isa = PBXBuildFile; fileRef = D98058BF181A518700DD0BBF /* ICDriver.m */; };
		D98058C3181A52F700DD0BBF /* ICPerson.m in Sources */ = {isa = PBXBuildFile; fileRef = D98058C2181A52F700DD0BBF /* ICPerson.m */; };
		D98058C6181A5A1800DD0BBF /* ICSingleton.m in Sources */ = {isa = PBXBuildFile; fileRef = D98058C5181A5A1800DD0BBF /* ICSingleton.m */; };
		D982840318878F4A0014BBF7 /* ICApiResponse.m in Sources */ = {isa = PBXBuildFile; fileRef = D982840218878F4A0014BBF7 /* ICApiResponse.m */; };
		D98EFDB11842921C005A2BAA /* ICLoginViewController.m in Sources */ = {isa = PBXBuildFile; fileRef = D98EFDAE1842921C005A2BAA /* ICLoginViewController.m */; };
		D98EFDC118429BA8005A2BAA /* UINavigationController+Animation.m in Sources */ = {isa = PBXBuildFile; fileRef = D98EFDC018429BA8005A2BAA /* UINavigationController+Animation.m */; };
		D98EFDC418435677005A2BAA /* CGRectUtils.c in Sources */ = {isa = PBXBuildFile; fileRef = D98EFDC218435677005A2BAA /* CGRectUtils.c */; };
		D996A0C819305F7A003E7349 /* ICVehicleSelectionView.m in Sources */ = {isa = PBXBuildFile; fileRef = D996A0C719305F7A003E7349 /* ICVehicleSelectionView.m */; };
		D996A0CC19306656003E7349 /* ICVehicleSelectionSliderButton.m in Sources */ = {isa = PBXBuildFile; fileRef = D996A0CB19306656003E7349 /* ICVehicleSelectionSliderButton.m */; };
		D996A0CF19306672003E7349 /* ICVehicleSelectionSliderView.m in Sources */ = {isa = PBXBuildFile; fileRef = D996A0CE19306672003E7349 /* ICVehicleSelectionSliderView.m */; };
		D99833D21820E89A00A7DA8E /* Images.xcassets in Resources */ = {isa = PBXBuildFile; fileRef = D99833D11820E89A00A7DA8E /* Images.xcassets */; };
		D99833D5182159C600A7DA8E /* ICVehicle.m in Sources */ = {isa = PBXBuildFile; fileRef = D99833D4182159C600A7DA8E /* ICVehicle.m */; };
		D99C8EAA19332D0A00B5FA4D /* ICImageDownloader.m in Sources */ = {isa = PBXBuildFile; fileRef = D99C8EA919332D0A00B5FA4D /* ICImageDownloader.m */; };
		D99E792E18CA3D7000585A49 /* BaseService.m in Sources */ = {isa = PBXBuildFile; fileRef = D99E792D18CA3D7000585A49 /* BaseService.m */; };
		D9A10706185F329C00350A17 /* 9yanvarya.gpx in Resources */ = {isa = PBXBuildFile; fileRef = D9A10705185F329C00350A17 /* 9yanvarya.gpx */; };
		D9A5F87A194A330C004E56A7 /* ICSidebarController.m in Sources */ = {isa = PBXBuildFile; fileRef = D9A5F879194A330C004E56A7 /* ICSidebarController.m */; };
		D9A63CCE18B0843C00F9577E /* Skver.gpx in Resources */ = {isa = PBXBuildFile; fileRef = D9A63CCD18B0843C00F9577E /* Skver.gpx */; };
		D9AD51571817B74C00692E7E /* ICGoogleService.m in Sources */ = {isa = PBXBuildFile; fileRef = D9AD51561817B74C00692E7E /* ICGoogleService.m */; };
		D9AD515B1817C7A200692E7E /* ICClientService.m in Sources */ = {isa = PBXBuildFile; fileRef = D9AD515A1817C7A200692E7E /* ICClientService.m */; };
		D9AD515F1817D17C00692E7E /* ICLocationService.m in Sources */ = {isa = PBXBuildFile; fileRef = D9AD515E1817D17C00692E7E /* ICLocationService.m */; };
		D9AD51621817EE1E00692E7E /* ICLocation.m in Sources */ = {isa = PBXBuildFile; fileRef = D9AD51611817EE1E00692E7E /* ICLocation.m */; };
		D9B03239180572B400F7AF69 /* Foundation.framework in Frameworks */ = {isa = PBXBuildFile; fileRef = D9B03238180572B400F7AF69 /* Foundation.framework */; };
		D9B0323B180572B400F7AF69 /* CoreGraphics.framework in Frameworks */ = {isa = PBXBuildFile; fileRef = D9B0323A180572B400F7AF69 /* CoreGraphics.framework */; };
		D9B0323D180572B400F7AF69 /* UIKit.framework in Frameworks */ = {isa = PBXBuildFile; fileRef = D9B0323C180572B400F7AF69 /* UIKit.framework */; };
		D9B03243180572B400F7AF69 /* InfoPlist.strings in Resources */ = {isa = PBXBuildFile; fileRef = D9B03241180572B400F7AF69 /* InfoPlist.strings */; };
		D9B03245180572B400F7AF69 /* main.m in Sources */ = {isa = PBXBuildFile; fileRef = D9B03244180572B400F7AF69 /* main.m */; };
		D9B03249180572B400F7AF69 /* AppDelegate.m in Sources */ = {isa = PBXBuildFile; fileRef = D9B03248180572B400F7AF69 /* AppDelegate.m */; };
		D9B0325B180572B400F7AF69 /* XCTest.framework in Frameworks */ = {isa = PBXBuildFile; fileRef = D9B0325A180572B400F7AF69 /* XCTest.framework */; };
		D9B0325C180572B400F7AF69 /* Foundation.framework in Frameworks */ = {isa = PBXBuildFile; fileRef = D9B03238180572B400F7AF69 /* Foundation.framework */; };
		D9B0325D180572B400F7AF69 /* UIKit.framework in Frameworks */ = {isa = PBXBuildFile; fileRef = D9B0323C180572B400F7AF69 /* UIKit.framework */; };
		D9B03265180572B400F7AF69 /* InfoPlist.strings in Resources */ = {isa = PBXBuildFile; fileRef = D9B03263180572B400F7AF69 /* InfoPlist.strings */; };
		D9B03267180572B400F7AF69 /* InstacabTests.m in Sources */ = {isa = PBXBuildFile; fileRef = D9B03266180572B400F7AF69 /* InstacabTests.m */; };
		D9B0327A1805860400F7AF69 /* AVFoundation.framework in Frameworks */ = {isa = PBXBuildFile; fileRef = D9B032791805860400F7AF69 /* AVFoundation.framework */; };
		D9B0327C1805861300F7AF69 /* CoreData.framework in Frameworks */ = {isa = PBXBuildFile; fileRef = D9B0327B1805861300F7AF69 /* CoreData.framework */; };
		D9B0327E1805862000F7AF69 /* CoreLocation.framework in Frameworks */ = {isa = PBXBuildFile; fileRef = D9B0327D1805862000F7AF69 /* CoreLocation.framework */; };
		D9B032801805862700F7AF69 /* CoreText.framework in Frameworks */ = {isa = PBXBuildFile; fileRef = D9B0327F1805862700F7AF69 /* CoreText.framework */; };
		D9B032821805862B00F7AF69 /* GLKit.framework in Frameworks */ = {isa = PBXBuildFile; fileRef = D9B032811805862B00F7AF69 /* GLKit.framework */; };
		D9B032841805863300F7AF69 /* ImageIO.framework in Frameworks */ = {isa = PBXBuildFile; fileRef = D9B032831805863300F7AF69 /* ImageIO.framework */; };
		D9B032861805863900F7AF69 /* libc++.dylib in Frameworks */ = {isa = PBXBuildFile; fileRef = D9B032851805863900F7AF69 /* libc++.dylib */; };
		D9B032881805863F00F7AF69 /* libicucore.dylib in Frameworks */ = {isa = PBXBuildFile; fileRef = D9B032871805863F00F7AF69 /* libicucore.dylib */; };
		D9B0328A1805864800F7AF69 /* libz.dylib in Frameworks */ = {isa = PBXBuildFile; fileRef = D9B032891805864700F7AF69 /* libz.dylib */; };
		D9B0328C1805864D00F7AF69 /* OpenGLES.framework in Frameworks */ = {isa = PBXBuildFile; fileRef = D9B0328B1805864D00F7AF69 /* OpenGLES.framework */; };
		D9B5F494190B78560090CB8D /* ICFareEstimateViewController.m in Sources */ = {isa = PBXBuildFile; fileRef = D9B5F492190B78560090CB8D /* ICFareEstimateViewController.m */; };
		D9B5F495190B78560090CB8D /* ICFareEstimateViewController.xib in Resources */ = {isa = PBXBuildFile; fileRef = D9B5F493190B78560090CB8D /* ICFareEstimateViewController.xib */; };
		D9BA28AF181D4FF2009584D1 /* ICNearbyVehicle.m in Sources */ = {isa = PBXBuildFile; fileRef = D9BA28AE181D4FF2009584D1 /* ICNearbyVehicle.m */; };
		D9BA28B2181D50E0009584D1 /* ICVehiclePathPoint.m in Sources */ = {isa = PBXBuildFile; fileRef = D9BA28B1181D50E0009584D1 /* ICVehiclePathPoint.m */; };
		D9BD8EB01903A92A008E0F80 /* ICSearchViewController.m in Sources */ = {isa = PBXBuildFile; fileRef = D9BD8EAE1903A92A008E0F80 /* ICSearchViewController.m */; };
		D9C114CE1813C00C002833FF /* ICRequestViewController.m in Sources */ = {isa = PBXBuildFile; fileRef = D9B0327318057E2C00F7AF69 /* ICRequestViewController.m */; };
		D9C193231888779200A889E4 /* ICAccountViewController.m in Sources */ = {isa = PBXBuildFile; fileRef = D9C193211888779200A889E4 /* ICAccountViewController.m */; };
		D9C193241888779200A889E4 /* ICAccountViewController.xib in Resources */ = {isa = PBXBuildFile; fileRef = D9C193221888779200A889E4 /* ICAccountViewController.xib */; };
		D9C1932C1889016000A889E4 /* UIViewController+TitleLabel.m in Sources */ = {isa = PBXBuildFile; fileRef = D9C1932B1889016000A889E4 /* UIViewController+TitleLabel.m */; };
		D9C27D931845B7A7007969EA /* UIApplication+Alerts.m in Sources */ = {isa = PBXBuildFile; fileRef = D9C27D921845B7A7007969EA /* UIApplication+Alerts.m */; };
		D9C4B43F194B0AB600F62C9E /* Constants.m in Sources */ = {isa = PBXBuildFile; fileRef = D9C4B43E194B0AB600F62C9E /* Constants.m */; };
		D9C878A9194D98AB0054F205 /* AnalyticsManager.m in Sources */ = {isa = PBXBuildFile; fileRef = D9C878A8194D98AB0054F205 /* AnalyticsManager.m */; };
		D9CD0E4C1829A55400A02619 /* ICReceiptViewController.m in Sources */ = {isa = PBXBuildFile; fileRef = D9CD0E4A1829A55400A02619 /* ICReceiptViewController.m */; };
		D9CD0E4D1829A55400A02619 /* ICReceiptViewController.xib in Resources */ = {isa = PBXBuildFile; fileRef = D9CD0E4B1829A55400A02619 /* ICReceiptViewController.xib */; };
		D9CDF22B192A8EC4009F7D4A /* ICCity.m in Sources */ = {isa = PBXBuildFile; fileRef = D9CDF22A192A8EC4009F7D4A /* ICCity.m */; };
		D9CDF22E192A9684009F7D4A /* ICVehicleView.m in Sources */ = {isa = PBXBuildFile; fileRef = D9CDF22D192A9684009F7D4A /* ICVehicleView.m */; };
		D9CDF231192A9828009F7D4A /* ICImage.m in Sources */ = {isa = PBXBuildFile; fileRef = D9CDF230192A9828009F7D4A /* ICImage.m */; };
		D9CDF237192B2FEF009F7D4A /* ICNearbyVehicles.m in Sources */ = {isa = PBXBuildFile; fileRef = D9CDF236192B2FEF009F7D4A /* ICNearbyVehicles.m */; };
		D9D08D2818B4F6F300760327 /* iOSa_2.21.1.version in Resources */ = {isa = PBXBuildFile; fileRef = D9D08D2218B4F6F300760327 /* iOSa_2.21.1.version */; };
		D9D08D2B18B4F6F300760327 /* LICENSE in Resources */ = {isa = PBXBuildFile; fileRef = D9D08D2518B4F6F300760327 /* LICENSE */; };
		D9D42FF518C4A84D004F761F /* UIView+Positioning.m in Sources */ = {isa = PBXBuildFile; fileRef = D9D42FF418C4A84D004F761F /* UIView+Positioning.m */; };
		D9D4A277188655FA00067879 /* ICLinkCardController.xib in Resources */ = {isa = PBXBuildFile; fileRef = D9D4A276188655FA00067879 /* ICLinkCardController.xib */; };
		D9D4A2801886629C00067879 /* libCardIO.a in Frameworks */ = {isa = PBXBuildFile; fileRef = D9D4A27F1886629C00067879 /* libCardIO.a */; };
		D9D4A28318866F2500067879 /* ICSignUpInfo.m in Sources */ = {isa = PBXBuildFile; fileRef = D9D4A28218866F2500067879 /* ICSignUpInfo.m */; };
		D9D5FAC618F24B12006AB0A8 /* AKTransliteration.m in Sources */ = {isa = PBXBuildFile; fileRef = D9D5FAC218F24B12006AB0A8 /* AKTransliteration.m */; };
		D9D5FAC718F24B12006AB0A8 /* EnRuRules.plist in Resources */ = {isa = PBXBuildFile; fileRef = D9D5FAC318F24B12006AB0A8 /* EnRuRules.plist */; };
		D9D5FAC818F24B12006AB0A8 /* RuEnRules.plist in Resources */ = {isa = PBXBuildFile; fileRef = D9D5FAC418F24B12006AB0A8 /* RuEnRules.plist */; };
		D9D9C7CA194B2E6F003B68AF /* Payture.m in Sources */ = {isa = PBXBuildFile; fileRef = D9D9C7C9194B2E6F003B68AF /* Payture.m */; };
		D9D9C7CD194B302B003B68AF /* ICPaymentViewController.m in Sources */ = {isa = PBXBuildFile; fileRef = D9D9C7CC194B302B003B68AF /* ICPaymentViewController.m */; };
		D9DD9BD618F793BC009798C2 /* ICUpdateMobileViewController.m in Sources */ = {isa = PBXBuildFile; fileRef = D9DD9BD418F793BC009798C2 /* ICUpdateMobileViewController.m */; };
		D9DD9BD718F793BC009798C2 /* ICUpdateMobileViewController.xib in Resources */ = {isa = PBXBuildFile; fileRef = D9DD9BD518F793BC009798C2 /* ICUpdateMobileViewController.xib */; };
		D9EF8ED318170AEB00F9DD52 /* ICDispatchServer.m in Sources */ = {isa = PBXBuildFile; fileRef = D9EF8ED218170AEB00F9DD52 /* ICDispatchServer.m */; };
		D9EF8ED618170B3500F9DD52 /* ICClient.m in Sources */ = {isa = PBXBuildFile; fileRef = D9EF8ED518170B3500F9DD52 /* ICClient.m */; };
		D9EFF9A41805867100A68AED /* QuartzCore.framework in Frameworks */ = {isa = PBXBuildFile; fileRef = D9EFF9A31805867100A68AED /* QuartzCore.framework */; };
		D9EFF9A61805867700A68AED /* SystemConfiguration.framework in Frameworks */ = {isa = PBXBuildFile; fileRef = D9EFF9A51805867700A68AED /* SystemConfiguration.framework */; };
		D9F222AE18C9FA8500A6B02B /* MBProgressHud+UIViewController.m in Sources */ = {isa = PBXBuildFile; fileRef = D9F222AD18C9FA8500A6B02B /* MBProgressHud+UIViewController.m */; };
/* End PBXBuildFile section */

/* Begin PBXContainerItemProxy section */
		D9B0325E180572B400F7AF69 /* PBXContainerItemProxy */ = {
			isa = PBXContainerItemProxy;
			containerPortal = D9B0322D180572B400F7AF69 /* Project object */;
			proxyType = 1;
			remoteGlobalIDString = D9B03234180572B400F7AF69;
			remoteInfo = Instacab;
		};
/* End PBXContainerItemProxy section */

/* Begin PBXFileReference section */
		3EA7016CD9354BF2998EC10F /* libPods-InstaCab.a */ = {isa = PBXFileReference; explicitFileType = archive.ar; includeInIndex = 0; path = "libPods-InstaCab.a"; sourceTree = BUILT_PRODUCTS_DIR; };
		64DAF51829E1477696952EBB /* Pods.xcconfig */ = {isa = PBXFileReference; includeInIndex = 1; lastKnownFileType = text.xcconfig; name = Pods.xcconfig; path = Pods/Pods.xcconfig; sourceTree = "<group>"; };
		6FAA71C8A26847CBB29B2EF5 /* libPods-Instacab.a */ = {isa = PBXFileReference; explicitFileType = archive.ar; includeInIndex = 0; path = "libPods-Instacab.a"; sourceTree = BUILT_PRODUCTS_DIR; };
		C3E0C195E5B34249863BF67D /* libPods.a */ = {isa = PBXFileReference; explicitFileType = archive.ar; includeInIndex = 0; path = libPods.a; sourceTree = BUILT_PRODUCTS_DIR; };
		D900104E19069B2000F0FB09 /* ICPromoViewController.h */ = {isa = PBXFileReference; fileEncoding = 4; lastKnownFileType = sourcecode.c.h; path = ICPromoViewController.h; sourceTree = "<group>"; };
		D900104F19069B2000F0FB09 /* ICPromoViewController.m */ = {isa = PBXFileReference; fileEncoding = 4; lastKnownFileType = sourcecode.c.objc; path = ICPromoViewController.m; sourceTree = "<group>"; };
		D900105019069B2000F0FB09 /* ICPromoViewController.xib */ = {isa = PBXFileReference; fileEncoding = 4; lastKnownFileType = file.xib; path = ICPromoViewController.xib; sourceTree = "<group>"; };
		D906B11A18A924230065E256 /* libsqlite3.dylib */ = {isa = PBXFileReference; lastKnownFileType = "compiled.mach-o.dylib"; name = libsqlite3.dylib; path = usr/lib/libsqlite3.dylib; sourceTree = SDKROOT; };
		D90A9C9D18AE5CEB002B80F4 /* GoogleMaps.framework */ = {isa = PBXFileReference; lastKnownFileType = wrapper.framework; path = GoogleMaps.framework; sourceTree = "<group>"; };
		D90A9C9F18AE5CFE002B80F4 /* GoogleMaps.bundle */ = {isa = PBXFileReference; lastKnownFileType = "wrapper.plug-in"; name = GoogleMaps.bundle; path = GoogleMaps.framework/Versions/A/Resources/GoogleMaps.bundle; sourceTree = "<group>"; };
		D90BAE111884306600E03F3E /* ICWelcomeViewController.h */ = {isa = PBXFileReference; fileEncoding = 4; lastKnownFileType = sourcecode.c.h; path = ICWelcomeViewController.h; sourceTree = "<group>"; };
		D90BAE121884306600E03F3E /* ICWelcomeViewController.m */ = {isa = PBXFileReference; fileEncoding = 4; lastKnownFileType = sourcecode.c.objc; path = ICWelcomeViewController.m; sourceTree = "<group>"; };
		D90BAE131884306600E03F3E /* ICWelcomeViewController.xib */ = {isa = PBXFileReference; fileEncoding = 4; lastKnownFileType = file.xib; path = ICWelcomeViewController.xib; sourceTree = "<group>"; };
		D90BAE161884353300E03F3E /* ICCreateAccountDialog.h */ = {isa = PBXFileReference; fileEncoding = 4; lastKnownFileType = sourcecode.c.h; path = ICCreateAccountDialog.h; sourceTree = "<group>"; };
		D90BAE171884353300E03F3E /* ICCreateAccountDialog.m */ = {isa = PBXFileReference; fileEncoding = 4; lastKnownFileType = sourcecode.c.objc; path = ICCreateAccountDialog.m; sourceTree = "<group>"; };
		D90BAE1B1884356B00E03F3E /* ICLinkCardController.h */ = {isa = PBXFileReference; fileEncoding = 4; lastKnownFileType = sourcecode.c.h; path = ICLinkCardController.h; sourceTree = "<group>"; };
		D90BAE1C1884356B00E03F3E /* ICLinkCardController.m */ = {isa = PBXFileReference; fileEncoding = 4; lastKnownFileType = sourcecode.c.objc; lineEnding = 0; path = ICLinkCardController.m; sourceTree = "<group>"; xcLanguageSpecificationIdentifier = xcode.lang.objc; };
		D90BAE201884359500E03F3E /* ICFeedbackViewController.h */ = {isa = PBXFileReference; fileEncoding = 4; lastKnownFileType = sourcecode.c.h; path = ICFeedbackViewController.h; sourceTree = "<group>"; };
		D90BAE211884359500E03F3E /* ICFeedbackViewController.m */ = {isa = PBXFileReference; fileEncoding = 4; lastKnownFileType = sourcecode.c.objc; path = ICFeedbackViewController.m; sourceTree = "<group>"; };
		D90BAE221884359500E03F3E /* ICFeedbackViewController.xib */ = {isa = PBXFileReference; fileEncoding = 4; lastKnownFileType = file.xib; path = ICFeedbackViewController.xib; sourceTree = "<group>"; };
		D90BAE251885C89900E03F3E /* ICCreateProfileDialog.h */ = {isa = PBXFileReference; fileEncoding = 4; lastKnownFileType = sourcecode.c.h; path = ICCreateProfileDialog.h; sourceTree = "<group>"; };
		D90BAE261885C89900E03F3E /* ICCreateProfileDialog.m */ = {isa = PBXFileReference; fileEncoding = 4; lastKnownFileType = sourcecode.c.objc; path = ICCreateProfileDialog.m; sourceTree = "<group>"; };
		D90BAE291885CB2200E03F3E /* QuickDialogController+Additions.h */ = {isa = PBXFileReference; fileEncoding = 4; lastKnownFileType = sourcecode.c.h; path = "QuickDialogController+Additions.h"; sourceTree = "<group>"; };
		D90BAE2A1885CB2200E03F3E /* QuickDialogController+Additions.m */ = {isa = PBXFileReference; fileEncoding = 4; lastKnownFileType = sourcecode.c.objc; path = "QuickDialogController+Additions.m"; sourceTree = "<group>"; };
		D911228218094462006A49DA /* ICHighlightButton.h */ = {isa = PBXFileReference; fileEncoding = 4; lastKnownFileType = sourcecode.c.h; path = ICHighlightButton.h; sourceTree = "<group>"; };
		D911228318094462006A49DA /* ICHighlightButton.m */ = {isa = PBXFileReference; fileEncoding = 4; lastKnownFileType = sourcecode.c.objc; lineEnding = 0; path = ICHighlightButton.m; sourceTree = "<group>"; xcLanguageSpecificationIdentifier = xcode.lang.objc; };
		D92D430D18F11D720052B245 /* MBProgressHud+Global.h */ = {isa = PBXFileReference; fileEncoding = 4; lastKnownFileType = sourcecode.c.h; path = "MBProgressHud+Global.h"; sourceTree = "<group>"; };
		D92D430E18F11D720052B245 /* MBProgressHud+Global.m */ = {isa = PBXFileReference; fileEncoding = 4; lastKnownFileType = sourcecode.c.objc; path = "MBProgressHud+Global.m"; sourceTree = "<group>"; };
		D9329AE31931D9BD00453641 /* ICVehicleSelectionSliderLabel.h */ = {isa = PBXFileReference; fileEncoding = 4; lastKnownFileType = sourcecode.c.h; name = ICVehicleSelectionSliderLabel.h; path = Request/ICVehicleSelectionSliderLabel.h; sourceTree = "<group>"; };
		D9329AE41931D9BD00453641 /* ICVehicleSelectionSliderLabel.m */ = {isa = PBXFileReference; fileEncoding = 4; lastKnownFileType = sourcecode.c.objc; name = ICVehicleSelectionSliderLabel.m; path = Request/ICVehicleSelectionSliderLabel.m; sourceTree = "<group>"; };
		D9378E5D190A780900F805DB /* UIViewController+Location.h */ = {isa = PBXFileReference; fileEncoding = 4; lastKnownFileType = sourcecode.c.h; path = "UIViewController+Location.h"; sourceTree = "<group>"; };
		D9378E5E190A780900F805DB /* UIViewController+Location.m */ = {isa = PBXFileReference; fileEncoding = 4; lastKnownFileType = sourcecode.c.objc; path = "UIViewController+Location.m"; sourceTree = "<group>"; };
		D939FFE2190BCC4C00FED191 /* ICLocationLabelView.h */ = {isa = PBXFileReference; fileEncoding = 4; lastKnownFileType = sourcecode.c.h; name = ICLocationLabelView.h; path = Views/ICLocationLabelView.h; sourceTree = "<group>"; };
		D939FFE3190BCC4C00FED191 /* ICLocationLabelView.m */ = {isa = PBXFileReference; fileEncoding = 4; lastKnownFileType = sourcecode.c.objc; name = ICLocationLabelView.m; path = Views/ICLocationLabelView.m; sourceTree = "<group>"; };
		D939FFE5190BCCF800FED191 /* ICLocationSingleLabel.h */ = {isa = PBXFileReference; fileEncoding = 4; lastKnownFileType = sourcecode.c.h; name = ICLocationSingleLabel.h; path = Views/ICLocationSingleLabel.h; sourceTree = "<group>"; };
		D939FFE6190BCCF800FED191 /* ICLocationSingleLabel.m */ = {isa = PBXFileReference; fileEncoding = 4; lastKnownFileType = sourcecode.c.objc; name = ICLocationSingleLabel.m; path = Views/ICLocationSingleLabel.m; sourceTree = "<group>"; };
		D940FBBF187552C000288448 /* UIAlertView+Additions.h */ = {isa = PBXFileReference; fileEncoding = 4; lastKnownFileType = sourcecode.c.h; path = "UIAlertView+Additions.h"; sourceTree = "<group>"; };
		D940FBC0187552C000288448 /* UIAlertView+Additions.m */ = {isa = PBXFileReference; fileEncoding = 4; lastKnownFileType = sourcecode.c.objc; path = "UIAlertView+Additions.m"; sourceTree = "<group>"; };
		D940FBC2187553E800288448 /* UIActionSheet+Blocks.h */ = {isa = PBXFileReference; fileEncoding = 4; lastKnownFileType = sourcecode.c.h; path = "UIActionSheet+Blocks.h"; sourceTree = "<group>"; };
		D940FBC3187553E800288448 /* UIActionSheet+Blocks.m */ = {isa = PBXFileReference; fileEncoding = 4; lastKnownFileType = sourcecode.c.objc; path = "UIActionSheet+Blocks.m"; sourceTree = "<group>"; };
		D948113D18BCB6720005D348 /* ICPaymentProfile.h */ = {isa = PBXFileReference; fileEncoding = 4; lastKnownFileType = sourcecode.c.h; path = ICPaymentProfile.h; sourceTree = "<group>"; };
		D948113E18BCB6720005D348 /* ICPaymentProfile.m */ = {isa = PBXFileReference; fileEncoding = 4; lastKnownFileType = sourcecode.c.objc; path = ICPaymentProfile.m; sourceTree = "<group>"; };
		D948114018BD3E680005D348 /* libLocalyticsAMP_x64.a */ = {isa = PBXFileReference; lastKnownFileType = archive.ar; path = libLocalyticsAMP_x64.a; sourceTree = "<group>"; };
		D9532E1C1819B44E0046E5EC /* ICPing.h */ = {isa = PBXFileReference; fileEncoding = 4; lastKnownFileType = sourcecode.c.h; path = ICPing.h; sourceTree = "<group>"; };
		D9532E1D1819B44E0046E5EC /* ICPing.m */ = {isa = PBXFileReference; fileEncoding = 4; lastKnownFileType = sourcecode.c.objc; path = ICPing.m; sourceTree = "<group>"; };
		D960BF8F1948D2880062DC7F /* ACTReporter.h */ = {isa = PBXFileReference; fileEncoding = 4; lastKnownFileType = sourcecode.c.h; path = ACTReporter.h; sourceTree = "<group>"; };
		D960BF911948D2880062DC7F /* GoogleConversionPing.h */ = {isa = PBXFileReference; fileEncoding = 4; lastKnownFileType = sourcecode.c.h; path = GoogleConversionPing.h; sourceTree = "<group>"; };
		D960BF931948D2880062DC7F /* DCTReporter.h */ = {isa = PBXFileReference; fileEncoding = 4; lastKnownFileType = sourcecode.c.h; path = DCTReporter.h; sourceTree = "<group>"; };
		D960BF941948D2880062DC7F /* libGoogleConversionTracking.a */ = {isa = PBXFileReference; lastKnownFileType = archive.ar; path = libGoogleConversionTracking.a; sourceTree = "<group>"; };
		D960BF951948D2880062DC7F /* README.txt */ = {isa = PBXFileReference; fileEncoding = 4; lastKnownFileType = text; path = README.txt; sourceTree = "<group>"; };
		D96EEB281805895B0048A669 /* ICRequestViewController.xib */ = {isa = PBXFileReference; fileEncoding = 4; lastKnownFileType = file.xib; path = ICRequestViewController.xib; sourceTree = "<group>"; };
		D97A48D018F03FCB0095B4BC /* ICVerifyMobileViewController.h */ = {isa = PBXFileReference; fileEncoding = 4; lastKnownFileType = sourcecode.c.h; path = ICVerifyMobileViewController.h; sourceTree = "<group>"; };
		D97A48D118F03FCB0095B4BC /* ICVerifyMobileViewController.m */ = {isa = PBXFileReference; fileEncoding = 4; lastKnownFileType = sourcecode.c.objc; lineEnding = 0; path = ICVerifyMobileViewController.m; sourceTree = "<group>"; xcLanguageSpecificationIdentifier = xcode.lang.objc; };
		D97A48D218F03FCB0095B4BC /* ICVerifyMobileViewController.xib */ = {isa = PBXFileReference; fileEncoding = 4; lastKnownFileType = file.xib; path = ICVerifyMobileViewController.xib; sourceTree = "<group>"; };
		D97B7AE618083E2A00B8315D /* AdSupport.framework */ = {isa = PBXFileReference; lastKnownFileType = wrapper.framework; name = AdSupport.framework; path = System/Library/Frameworks/AdSupport.framework; sourceTree = SDKROOT; };
		D97CA543194AD2C800DB60CB /* QCustomAppearance.h */ = {isa = PBXFileReference; fileEncoding = 4; lastKnownFileType = sourcecode.c.h; path = QCustomAppearance.h; sourceTree = "<group>"; };
		D97CA544194AD2C800DB60CB /* QCustomAppearance.m */ = {isa = PBXFileReference; fileEncoding = 4; lastKnownFileType = sourcecode.c.objc; path = QCustomAppearance.m; sourceTree = "<group>"; };
		D98058BB181A4EE000DD0BBF /* ICTrip.h */ = {isa = PBXFileReference; fileEncoding = 4; lastKnownFileType = sourcecode.c.h; path = ICTrip.h; sourceTree = "<group>"; };
		D98058BC181A4EE000DD0BBF /* ICTrip.m */ = {isa = PBXFileReference; fileEncoding = 4; lastKnownFileType = sourcecode.c.objc; path = ICTrip.m; sourceTree = "<group>"; };
		D98058BE181A518700DD0BBF /* ICDriver.h */ = {isa = PBXFileReference; fileEncoding = 4; lastKnownFileType = sourcecode.c.h; path = ICDriver.h; sourceTree = "<group>"; };
		D98058BF181A518700DD0BBF /* ICDriver.m */ = {isa = PBXFileReference; fileEncoding = 4; lastKnownFileType = sourcecode.c.objc; path = ICDriver.m; sourceTree = "<group>"; };
		D98058C1181A52F700DD0BBF /* ICPerson.h */ = {isa = PBXFileReference; fileEncoding = 4; lastKnownFileType = sourcecode.c.h; path = ICPerson.h; sourceTree = "<group>"; };
		D98058C2181A52F700DD0BBF /* ICPerson.m */ = {isa = PBXFileReference; fileEncoding = 4; lastKnownFileType = sourcecode.c.objc; path = ICPerson.m; sourceTree = "<group>"; };
		D98058C4181A5A1800DD0BBF /* ICSingleton.h */ = {isa = PBXFileReference; fileEncoding = 4; lastKnownFileType = sourcecode.c.h; path = ICSingleton.h; sourceTree = "<group>"; };
		D98058C5181A5A1800DD0BBF /* ICSingleton.m */ = {isa = PBXFileReference; fileEncoding = 4; lastKnownFileType = sourcecode.c.objc; path = ICSingleton.m; sourceTree = "<group>"; };
		D982840118878F4A0014BBF7 /* ICApiResponse.h */ = {isa = PBXFileReference; fileEncoding = 4; lastKnownFileType = sourcecode.c.h; path = ICApiResponse.h; sourceTree = "<group>"; };
		D982840218878F4A0014BBF7 /* ICApiResponse.m */ = {isa = PBXFileReference; fileEncoding = 4; lastKnownFileType = sourcecode.c.objc; path = ICApiResponse.m; sourceTree = "<group>"; };
		D98EFDAE1842921C005A2BAA /* ICLoginViewController.m */ = {isa = PBXFileReference; fileEncoding = 4; lastKnownFileType = sourcecode.c.objc; lineEnding = 0; path = ICLoginViewController.m; sourceTree = "<group>"; xcLanguageSpecificationIdentifier = xcode.lang.objc; };
		D98EFDAF1842921C005A2BAA /* ICLoginViewController.h */ = {isa = PBXFileReference; fileEncoding = 4; lastKnownFileType = sourcecode.c.h; path = ICLoginViewController.h; sourceTree = "<group>"; };
		D98EFDBF18429BA8005A2BAA /* UINavigationController+Animation.h */ = {isa = PBXFileReference; fileEncoding = 4; lastKnownFileType = sourcecode.c.h; path = "UINavigationController+Animation.h"; sourceTree = "<group>"; };
		D98EFDC018429BA8005A2BAA /* UINavigationController+Animation.m */ = {isa = PBXFileReference; fileEncoding = 4; lastKnownFileType = sourcecode.c.objc; path = "UINavigationController+Animation.m"; sourceTree = "<group>"; };
		D98EFDC218435677005A2BAA /* CGRectUtils.c */ = {isa = PBXFileReference; fileEncoding = 4; lastKnownFileType = sourcecode.c.c; path = CGRectUtils.c; sourceTree = "<group>"; };
		D98EFDC318435677005A2BAA /* CGRectUtils.h */ = {isa = PBXFileReference; fileEncoding = 4; lastKnownFileType = sourcecode.c.h; path = CGRectUtils.h; sourceTree = "<group>"; };
		D996A0C619305F7A003E7349 /* ICVehicleSelectionView.h */ = {isa = PBXFileReference; fileEncoding = 4; lastKnownFileType = sourcecode.c.h; name = ICVehicleSelectionView.h; path = Request/ICVehicleSelectionView.h; sourceTree = "<group>"; };
		D996A0C719305F7A003E7349 /* ICVehicleSelectionView.m */ = {isa = PBXFileReference; fileEncoding = 4; lastKnownFileType = sourcecode.c.objc; name = ICVehicleSelectionView.m; path = Request/ICVehicleSelectionView.m; sourceTree = "<group>"; };
		D996A0CA19306656003E7349 /* ICVehicleSelectionSliderButton.h */ = {isa = PBXFileReference; fileEncoding = 4; lastKnownFileType = sourcecode.c.h; path = ICVehicleSelectionSliderButton.h; sourceTree = "<group>"; };
		D996A0CB19306656003E7349 /* ICVehicleSelectionSliderButton.m */ = {isa = PBXFileReference; fileEncoding = 4; lastKnownFileType = sourcecode.c.objc; path = ICVehicleSelectionSliderButton.m; sourceTree = "<group>"; };
		D996A0CD19306672003E7349 /* ICVehicleSelectionSliderView.h */ = {isa = PBXFileReference; fileEncoding = 4; lastKnownFileType = sourcecode.c.h; name = ICVehicleSelectionSliderView.h; path = Request/ICVehicleSelectionSliderView.h; sourceTree = "<group>"; };
		D996A0CE19306672003E7349 /* ICVehicleSelectionSliderView.m */ = {isa = PBXFileReference; fileEncoding = 4; lastKnownFileType = sourcecode.c.objc; name = ICVehicleSelectionSliderView.m; path = Request/ICVehicleSelectionSliderView.m; sourceTree = "<group>"; };
		D99833D11820E89A00A7DA8E /* Images.xcassets */ = {isa = PBXFileReference; lastKnownFileType = folder.assetcatalog; path = Images.xcassets; sourceTree = "<group>"; };
		D99833D3182159C600A7DA8E /* ICVehicle.h */ = {isa = PBXFileReference; fileEncoding = 4; lastKnownFileType = sourcecode.c.h; path = ICVehicle.h; sourceTree = "<group>"; };
		D99833D4182159C600A7DA8E /* ICVehicle.m */ = {isa = PBXFileReference; fileEncoding = 4; lastKnownFileType = sourcecode.c.objc; path = ICVehicle.m; sourceTree = "<group>"; };
		D99C8EA819332D0A00B5FA4D /* ICImageDownloader.h */ = {isa = PBXFileReference; fileEncoding = 4; lastKnownFileType = sourcecode.c.h; path = ICImageDownloader.h; sourceTree = "<group>"; };
		D99C8EA919332D0A00B5FA4D /* ICImageDownloader.m */ = {isa = PBXFileReference; fileEncoding = 4; lastKnownFileType = sourcecode.c.objc; path = ICImageDownloader.m; sourceTree = "<group>"; };
		D99E792C18CA3D7000585A49 /* BaseService.h */ = {isa = PBXFileReference; fileEncoding = 4; lastKnownFileType = sourcecode.c.h; path = BaseService.h; sourceTree = "<group>"; };
		D99E792D18CA3D7000585A49 /* BaseService.m */ = {isa = PBXFileReference; fileEncoding = 4; lastKnownFileType = sourcecode.c.objc; path = BaseService.m; sourceTree = "<group>"; };
		D9A10705185F329C00350A17 /* 9yanvarya.gpx */ = {isa = PBXFileReference; lastKnownFileType = text.xml; name = 9yanvarya.gpx; path = ../9yanvarya.gpx; sourceTree = "<group>"; };
		D9A5F878194A330C004E56A7 /* ICSidebarController.h */ = {isa = PBXFileReference; fileEncoding = 4; lastKnownFileType = sourcecode.c.h; name = ICSidebarController.h; path = Sidebar/ICSidebarController.h; sourceTree = "<group>"; };
		D9A5F879194A330C004E56A7 /* ICSidebarController.m */ = {isa = PBXFileReference; fileEncoding = 4; lastKnownFileType = sourcecode.c.objc; name = ICSidebarController.m; path = Sidebar/ICSidebarController.m; sourceTree = "<group>"; };
		D9A63CCD18B0843C00F9577E /* Skver.gpx */ = {isa = PBXFileReference; lastKnownFileType = text.xml; name = Skver.gpx; path = ../Skver.gpx; sourceTree = "<group>"; };
		D9AD51551817B74C00692E7E /* ICGoogleService.h */ = {isa = PBXFileReference; fileEncoding = 4; lastKnownFileType = sourcecode.c.h; path = ICGoogleService.h; sourceTree = "<group>"; };
		D9AD51561817B74C00692E7E /* ICGoogleService.m */ = {isa = PBXFileReference; fileEncoding = 4; lastKnownFileType = sourcecode.c.objc; path = ICGoogleService.m; sourceTree = "<group>"; };
		D9AD51591817C7A200692E7E /* ICClientService.h */ = {isa = PBXFileReference; fileEncoding = 4; lastKnownFileType = sourcecode.c.h; path = ICClientService.h; sourceTree = "<group>"; };
		D9AD515A1817C7A200692E7E /* ICClientService.m */ = {isa = PBXFileReference; fileEncoding = 4; lastKnownFileType = sourcecode.c.objc; path = ICClientService.m; sourceTree = "<group>"; };
		D9AD515D1817D17C00692E7E /* ICLocationService.h */ = {isa = PBXFileReference; fileEncoding = 4; lastKnownFileType = sourcecode.c.h; path = ICLocationService.h; sourceTree = "<group>"; };
		D9AD515E1817D17C00692E7E /* ICLocationService.m */ = {isa = PBXFileReference; fileEncoding = 4; lastKnownFileType = sourcecode.c.objc; path = ICLocationService.m; sourceTree = "<group>"; };
		D9AD51601817EE1E00692E7E /* ICLocation.h */ = {isa = PBXFileReference; fileEncoding = 4; lastKnownFileType = sourcecode.c.h; path = ICLocation.h; sourceTree = "<group>"; };
		D9AD51611817EE1E00692E7E /* ICLocation.m */ = {isa = PBXFileReference; fileEncoding = 4; lastKnownFileType = sourcecode.c.objc; path = ICLocation.m; sourceTree = "<group>"; };
		D9B03235180572B400F7AF69 /* InstaCab.app */ = {isa = PBXFileReference; explicitFileType = wrapper.application; includeInIndex = 0; path = InstaCab.app; sourceTree = BUILT_PRODUCTS_DIR; };
		D9B03238180572B400F7AF69 /* Foundation.framework */ = {isa = PBXFileReference; lastKnownFileType = wrapper.framework; name = Foundation.framework; path = System/Library/Frameworks/Foundation.framework; sourceTree = SDKROOT; };
		D9B0323A180572B400F7AF69 /* CoreGraphics.framework */ = {isa = PBXFileReference; lastKnownFileType = wrapper.framework; name = CoreGraphics.framework; path = System/Library/Frameworks/CoreGraphics.framework; sourceTree = SDKROOT; };
		D9B0323C180572B400F7AF69 /* UIKit.framework */ = {isa = PBXFileReference; lastKnownFileType = wrapper.framework; name = UIKit.framework; path = System/Library/Frameworks/UIKit.framework; sourceTree = SDKROOT; };
		D9B03240180572B400F7AF69 /* InstaCab-Info.plist */ = {isa = PBXFileReference; lastKnownFileType = text.plist.xml; path = "InstaCab-Info.plist"; sourceTree = "<group>"; };
		D9B03242180572B400F7AF69 /* en */ = {isa = PBXFileReference; lastKnownFileType = text.plist.strings; name = en; path = en.lproj/InfoPlist.strings; sourceTree = "<group>"; };
		D9B03244180572B400F7AF69 /* main.m */ = {isa = PBXFileReference; lastKnownFileType = sourcecode.c.objc; path = main.m; sourceTree = "<group>"; };
		D9B03246180572B400F7AF69 /* InstaCab-Prefix.pch */ = {isa = PBXFileReference; lastKnownFileType = sourcecode.c.h; path = "InstaCab-Prefix.pch"; sourceTree = "<group>"; };
		D9B03247180572B400F7AF69 /* AppDelegate.h */ = {isa = PBXFileReference; lastKnownFileType = sourcecode.c.h; path = AppDelegate.h; sourceTree = "<group>"; };
		D9B03248180572B400F7AF69 /* AppDelegate.m */ = {isa = PBXFileReference; lastKnownFileType = sourcecode.c.objc; path = AppDelegate.m; sourceTree = "<group>"; };
		D9B03259180572B400F7AF69 /* InstaCabTests.xctest */ = {isa = PBXFileReference; explicitFileType = wrapper.cfbundle; includeInIndex = 0; path = InstaCabTests.xctest; sourceTree = BUILT_PRODUCTS_DIR; };
		D9B0325A180572B400F7AF69 /* XCTest.framework */ = {isa = PBXFileReference; lastKnownFileType = wrapper.framework; name = XCTest.framework; path = Library/Frameworks/XCTest.framework; sourceTree = DEVELOPER_DIR; };
		D9B03262180572B400F7AF69 /* InstaCabTests-Info.plist */ = {isa = PBXFileReference; lastKnownFileType = text.plist.xml; path = "InstaCabTests-Info.plist"; sourceTree = "<group>"; };
		D9B03264180572B400F7AF69 /* en */ = {isa = PBXFileReference; lastKnownFileType = text.plist.strings; name = en; path = en.lproj/InfoPlist.strings; sourceTree = "<group>"; };
		D9B03266180572B400F7AF69 /* InstacabTests.m */ = {isa = PBXFileReference; lastKnownFileType = sourcecode.c.objc; path = InstacabTests.m; sourceTree = "<group>"; };
		D9B0327218057E2C00F7AF69 /* ICRequestViewController.h */ = {isa = PBXFileReference; fileEncoding = 4; lastKnownFileType = sourcecode.c.h; path = ICRequestViewController.h; sourceTree = "<group>"; };
		D9B0327318057E2C00F7AF69 /* ICRequestViewController.m */ = {isa = PBXFileReference; fileEncoding = 4; lastKnownFileType = sourcecode.c.objc; path = ICRequestViewController.m; sourceTree = "<group>"; };
		D9B032791805860400F7AF69 /* AVFoundation.framework */ = {isa = PBXFileReference; lastKnownFileType = wrapper.framework; name = AVFoundation.framework; path = System/Library/Frameworks/AVFoundation.framework; sourceTree = SDKROOT; };
		D9B0327B1805861300F7AF69 /* CoreData.framework */ = {isa = PBXFileReference; lastKnownFileType = wrapper.framework; name = CoreData.framework; path = System/Library/Frameworks/CoreData.framework; sourceTree = SDKROOT; };
		D9B0327D1805862000F7AF69 /* CoreLocation.framework */ = {isa = PBXFileReference; lastKnownFileType = wrapper.framework; name = CoreLocation.framework; path = System/Library/Frameworks/CoreLocation.framework; sourceTree = SDKROOT; };
		D9B0327F1805862700F7AF69 /* CoreText.framework */ = {isa = PBXFileReference; lastKnownFileType = wrapper.framework; name = CoreText.framework; path = System/Library/Frameworks/CoreText.framework; sourceTree = SDKROOT; };
		D9B032811805862B00F7AF69 /* GLKit.framework */ = {isa = PBXFileReference; lastKnownFileType = wrapper.framework; name = GLKit.framework; path = System/Library/Frameworks/GLKit.framework; sourceTree = SDKROOT; };
		D9B032831805863300F7AF69 /* ImageIO.framework */ = {isa = PBXFileReference; lastKnownFileType = wrapper.framework; name = ImageIO.framework; path = System/Library/Frameworks/ImageIO.framework; sourceTree = SDKROOT; };
		D9B032851805863900F7AF69 /* libc++.dylib */ = {isa = PBXFileReference; lastKnownFileType = "compiled.mach-o.dylib"; name = "libc++.dylib"; path = "usr/lib/libc++.dylib"; sourceTree = SDKROOT; };
		D9B032871805863F00F7AF69 /* libicucore.dylib */ = {isa = PBXFileReference; lastKnownFileType = "compiled.mach-o.dylib"; name = libicucore.dylib; path = usr/lib/libicucore.dylib; sourceTree = SDKROOT; };
		D9B032891805864700F7AF69 /* libz.dylib */ = {isa = PBXFileReference; lastKnownFileType = "compiled.mach-o.dylib"; name = libz.dylib; path = usr/lib/libz.dylib; sourceTree = SDKROOT; };
		D9B0328B1805864D00F7AF69 /* OpenGLES.framework */ = {isa = PBXFileReference; lastKnownFileType = wrapper.framework; name = OpenGLES.framework; path = System/Library/Frameworks/OpenGLES.framework; sourceTree = SDKROOT; };
		D9B5F491190B78560090CB8D /* ICFareEstimateViewController.h */ = {isa = PBXFileReference; fileEncoding = 4; lastKnownFileType = sourcecode.c.h; path = ICFareEstimateViewController.h; sourceTree = "<group>"; };
		D9B5F492190B78560090CB8D /* ICFareEstimateViewController.m */ = {isa = PBXFileReference; fileEncoding = 4; lastKnownFileType = sourcecode.c.objc; path = ICFareEstimateViewController.m; sourceTree = "<group>"; };
		D9B5F493190B78560090CB8D /* ICFareEstimateViewController.xib */ = {isa = PBXFileReference; fileEncoding = 4; lastKnownFileType = file.xib; path = ICFareEstimateViewController.xib; sourceTree = "<group>"; };
		D9BA28AD181D4FF2009584D1 /* ICNearbyVehicle.h */ = {isa = PBXFileReference; fileEncoding = 4; lastKnownFileType = sourcecode.c.h; path = ICNearbyVehicle.h; sourceTree = "<group>"; };
		D9BA28AE181D4FF2009584D1 /* ICNearbyVehicle.m */ = {isa = PBXFileReference; fileEncoding = 4; lastKnownFileType = sourcecode.c.objc; path = ICNearbyVehicle.m; sourceTree = "<group>"; };
		D9BA28B0181D50E0009584D1 /* ICVehiclePathPoint.h */ = {isa = PBXFileReference; fileEncoding = 4; lastKnownFileType = sourcecode.c.h; path = ICVehiclePathPoint.h; sourceTree = "<group>"; };
		D9BA28B1181D50E0009584D1 /* ICVehiclePathPoint.m */ = {isa = PBXFileReference; fileEncoding = 4; lastKnownFileType = sourcecode.c.objc; path = ICVehiclePathPoint.m; sourceTree = "<group>"; };
		D9BD7BB11887C087009351D6 /* ICSignUpFlowDelegate.h */ = {isa = PBXFileReference; lastKnownFileType = sourcecode.c.h; path = ICSignUpFlowDelegate.h; sourceTree = "<group>"; };
		D9BD8EAD1903A92A008E0F80 /* ICSearchViewController.h */ = {isa = PBXFileReference; fileEncoding = 4; lastKnownFileType = sourcecode.c.h; path = ICSearchViewController.h; sourceTree = "<group>"; };
		D9BD8EAE1903A92A008E0F80 /* ICSearchViewController.m */ = {isa = PBXFileReference; fileEncoding = 4; lastKnownFileType = sourcecode.c.objc; lineEnding = 0; path = ICSearchViewController.m; sourceTree = "<group>"; xcLanguageSpecificationIdentifier = xcode.lang.objc; };
		D9C193201888779200A889E4 /* ICAccountViewController.h */ = {isa = PBXFileReference; fileEncoding = 4; lastKnownFileType = sourcecode.c.h; path = ICAccountViewController.h; sourceTree = "<group>"; };
		D9C193211888779200A889E4 /* ICAccountViewController.m */ = {isa = PBXFileReference; fileEncoding = 4; lastKnownFileType = sourcecode.c.objc; path = ICAccountViewController.m; sourceTree = "<group>"; };
		D9C193221888779200A889E4 /* ICAccountViewController.xib */ = {isa = PBXFileReference; fileEncoding = 4; lastKnownFileType = file.xib; path = ICAccountViewController.xib; sourceTree = "<group>"; };
		D9C1932A1889016000A889E4 /* UIViewController+TitleLabel.h */ = {isa = PBXFileReference; fileEncoding = 4; lastKnownFileType = sourcecode.c.h; path = "UIViewController+TitleLabel.h"; sourceTree = "<group>"; };
		D9C1932B1889016000A889E4 /* UIViewController+TitleLabel.m */ = {isa = PBXFileReference; fileEncoding = 4; lastKnownFileType = sourcecode.c.objc; lineEnding = 0; path = "UIViewController+TitleLabel.m"; sourceTree = "<group>"; xcLanguageSpecificationIdentifier = xcode.lang.objc; };
		D9C27D911845B7A7007969EA /* UIApplication+Alerts.h */ = {isa = PBXFileReference; fileEncoding = 4; lastKnownFileType = sourcecode.c.h; path = "UIApplication+Alerts.h"; sourceTree = "<group>"; };
		D9C27D921845B7A7007969EA /* UIApplication+Alerts.m */ = {isa = PBXFileReference; fileEncoding = 4; lastKnownFileType = sourcecode.c.objc; path = "UIApplication+Alerts.m"; sourceTree = "<group>"; };
		D9C4B43D194B0AA900F62C9E /* Constants.h */ = {isa = PBXFileReference; lastKnownFileType = sourcecode.c.h; path = Constants.h; sourceTree = "<group>"; };
		D9C4B43E194B0AB600F62C9E /* Constants.m */ = {isa = PBXFileReference; fileEncoding = 4; lastKnownFileType = sourcecode.c.objc; path = Constants.m; sourceTree = "<group>"; };
		D9C878A7194D98AB0054F205 /* AnalyticsManager.h */ = {isa = PBXFileReference; fileEncoding = 4; lastKnownFileType = sourcecode.c.h; name = AnalyticsManager.h; path = Analytics/AnalyticsManager.h; sourceTree = "<group>"; };
		D9C878A8194D98AB0054F205 /* AnalyticsManager.m */ = {isa = PBXFileReference; fileEncoding = 4; lastKnownFileType = sourcecode.c.objc; name = AnalyticsManager.m; path = Analytics/AnalyticsManager.m; sourceTree = "<group>"; };
		D9CD0E491829A55400A02619 /* ICReceiptViewController.h */ = {isa = PBXFileReference; fileEncoding = 4; lastKnownFileType = sourcecode.c.h; path = ICReceiptViewController.h; sourceTree = "<group>"; };
		D9CD0E4A1829A55400A02619 /* ICReceiptViewController.m */ = {isa = PBXFileReference; fileEncoding = 4; lastKnownFileType = sourcecode.c.objc; path = ICReceiptViewController.m; sourceTree = "<group>"; };
		D9CD0E4B1829A55400A02619 /* ICReceiptViewController.xib */ = {isa = PBXFileReference; fileEncoding = 4; lastKnownFileType = file.xib; path = ICReceiptViewController.xib; sourceTree = "<group>"; };
		D9CDF229192A8EC4009F7D4A /* ICCity.h */ = {isa = PBXFileReference; fileEncoding = 4; lastKnownFileType = sourcecode.c.h; path = ICCity.h; sourceTree = "<group>"; };
		D9CDF22A192A8EC4009F7D4A /* ICCity.m */ = {isa = PBXFileReference; fileEncoding = 4; lastKnownFileType = sourcecode.c.objc; path = ICCity.m; sourceTree = "<group>"; };
		D9CDF22C192A9684009F7D4A /* ICVehicleView.h */ = {isa = PBXFileReference; fileEncoding = 4; lastKnownFileType = sourcecode.c.h; path = ICVehicleView.h; sourceTree = "<group>"; };
		D9CDF22D192A9684009F7D4A /* ICVehicleView.m */ = {isa = PBXFileReference; fileEncoding = 4; lastKnownFileType = sourcecode.c.objc; path = ICVehicleView.m; sourceTree = "<group>"; };
		D9CDF22F192A9828009F7D4A /* ICImage.h */ = {isa = PBXFileReference; fileEncoding = 4; lastKnownFileType = sourcecode.c.h; path = ICImage.h; sourceTree = "<group>"; };
		D9CDF230192A9828009F7D4A /* ICImage.m */ = {isa = PBXFileReference; fileEncoding = 4; lastKnownFileType = sourcecode.c.objc; path = ICImage.m; sourceTree = "<group>"; };
		D9CDF235192B2FEF009F7D4A /* ICNearbyVehicles.h */ = {isa = PBXFileReference; fileEncoding = 4; lastKnownFileType = sourcecode.c.h; path = ICNearbyVehicles.h; sourceTree = "<group>"; };
		D9CDF236192B2FEF009F7D4A /* ICNearbyVehicles.m */ = {isa = PBXFileReference; fileEncoding = 4; lastKnownFileType = sourcecode.c.objc; path = ICNearbyVehicles.m; sourceTree = "<group>"; };
		D9D08D2218B4F6F300760327 /* iOSa_2.21.1.version */ = {isa = PBXFileReference; fileEncoding = 4; lastKnownFileType = text; path = iOSa_2.21.1.version; sourceTree = "<group>"; };
		D9D08D2518B4F6F300760327 /* LICENSE */ = {isa = PBXFileReference; fileEncoding = 4; lastKnownFileType = text; path = LICENSE; sourceTree = "<group>"; };
		D9D08D2618B4F6F300760327 /* LocalyticsAmpSession.h */ = {isa = PBXFileReference; fileEncoding = 4; lastKnownFileType = sourcecode.c.h; path = LocalyticsAmpSession.h; sourceTree = "<group>"; };
		D9D08D2718B4F6F300760327 /* LocalyticsSession.h */ = {isa = PBXFileReference; fileEncoding = 4; lastKnownFileType = sourcecode.c.h; path = LocalyticsSession.h; sourceTree = "<group>"; };
		D9D42FF318C4A84D004F761F /* UIView+Positioning.h */ = {isa = PBXFileReference; fileEncoding = 4; lastKnownFileType = sourcecode.c.h; path = "UIView+Positioning.h"; sourceTree = "<group>"; };
		D9D42FF418C4A84D004F761F /* UIView+Positioning.m */ = {isa = PBXFileReference; fileEncoding = 4; lastKnownFileType = sourcecode.c.objc; path = "UIView+Positioning.m"; sourceTree = "<group>"; };
		D9D4A276188655FA00067879 /* ICLinkCardController.xib */ = {isa = PBXFileReference; fileEncoding = 4; lastKnownFileType = file.xib; path = ICLinkCardController.xib; sourceTree = "<group>"; };
		D9D4A2791886629C00067879 /* CardIO.h */ = {isa = PBXFileReference; fileEncoding = 4; lastKnownFileType = sourcecode.c.h; path = CardIO.h; sourceTree = "<group>"; };
		D9D4A27A1886629C00067879 /* CardIOCreditCardInfo.h */ = {isa = PBXFileReference; fileEncoding = 4; lastKnownFileType = sourcecode.c.h; path = CardIOCreditCardInfo.h; sourceTree = "<group>"; };
		D9D4A27B1886629C00067879 /* CardIOPaymentViewController.h */ = {isa = PBXFileReference; fileEncoding = 4; lastKnownFileType = sourcecode.c.h; path = CardIOPaymentViewController.h; sourceTree = "<group>"; };
		D9D4A27C1886629C00067879 /* CardIOPaymentViewControllerDelegate.h */ = {isa = PBXFileReference; fileEncoding = 4; lastKnownFileType = sourcecode.c.h; path = CardIOPaymentViewControllerDelegate.h; sourceTree = "<group>"; };
		D9D4A27D1886629C00067879 /* CardIOView.h */ = {isa = PBXFileReference; fileEncoding = 4; lastKnownFileType = sourcecode.c.h; path = CardIOView.h; sourceTree = "<group>"; };
		D9D4A27E1886629C00067879 /* CardIOViewDelegate.h */ = {isa = PBXFileReference; fileEncoding = 4; lastKnownFileType = sourcecode.c.h; path = CardIOViewDelegate.h; sourceTree = "<group>"; };
		D9D4A27F1886629C00067879 /* libCardIO.a */ = {isa = PBXFileReference; lastKnownFileType = archive.ar; path = libCardIO.a; sourceTree = "<group>"; };
		D9D4A28118866F2500067879 /* ICSignUpInfo.h */ = {isa = PBXFileReference; fileEncoding = 4; lastKnownFileType = sourcecode.c.h; path = ICSignUpInfo.h; sourceTree = "<group>"; };
		D9D4A28218866F2500067879 /* ICSignUpInfo.m */ = {isa = PBXFileReference; fileEncoding = 4; lastKnownFileType = sourcecode.c.objc; path = ICSignUpInfo.m; sourceTree = "<group>"; };
		D9D5FAC118F24B12006AB0A8 /* AKTransliteration.h */ = {isa = PBXFileReference; fileEncoding = 4; lastKnownFileType = sourcecode.c.h; path = AKTransliteration.h; sourceTree = "<group>"; };
		D9D5FAC218F24B12006AB0A8 /* AKTransliteration.m */ = {isa = PBXFileReference; fileEncoding = 4; lastKnownFileType = sourcecode.c.objc; path = AKTransliteration.m; sourceTree = "<group>"; };
		D9D5FAC318F24B12006AB0A8 /* EnRuRules.plist */ = {isa = PBXFileReference; fileEncoding = 4; lastKnownFileType = text.plist.xml; path = EnRuRules.plist; sourceTree = "<group>"; };
		D9D5FAC418F24B12006AB0A8 /* RuEnRules.plist */ = {isa = PBXFileReference; fileEncoding = 4; lastKnownFileType = text.plist.xml; path = RuEnRules.plist; sourceTree = "<group>"; };
		D9D9C7C8194B2E6F003B68AF /* Payture.h */ = {isa = PBXFileReference; fileEncoding = 4; lastKnownFileType = sourcecode.c.h; name = Payture.h; path = Payture/Payture.h; sourceTree = "<group>"; };
		D9D9C7C9194B2E6F003B68AF /* Payture.m */ = {isa = PBXFileReference; fileEncoding = 4; lastKnownFileType = sourcecode.c.objc; name = Payture.m; path = Payture/Payture.m; sourceTree = "<group>"; };
		D9D9C7CB194B302B003B68AF /* ICPaymentViewController.h */ = {isa = PBXFileReference; fileEncoding = 4; lastKnownFileType = sourcecode.c.h; path = ICPaymentViewController.h; sourceTree = "<group>"; };
		D9D9C7CC194B302B003B68AF /* ICPaymentViewController.m */ = {isa = PBXFileReference; fileEncoding = 4; lastKnownFileType = sourcecode.c.objc; path = ICPaymentViewController.m; sourceTree = "<group>"; };
		D9DD9BD318F793BC009798C2 /* ICUpdateMobileViewController.h */ = {isa = PBXFileReference; fileEncoding = 4; lastKnownFileType = sourcecode.c.h; path = ICUpdateMobileViewController.h; sourceTree = "<group>"; };
		D9DD9BD418F793BC009798C2 /* ICUpdateMobileViewController.m */ = {isa = PBXFileReference; fileEncoding = 4; lastKnownFileType = sourcecode.c.objc; path = ICUpdateMobileViewController.m; sourceTree = "<group>"; };
		D9DD9BD518F793BC009798C2 /* ICUpdateMobileViewController.xib */ = {isa = PBXFileReference; fileEncoding = 4; lastKnownFileType = file.xib; path = ICUpdateMobileViewController.xib; sourceTree = "<group>"; };
		D9EF8ED118170AEB00F9DD52 /* ICDispatchServer.h */ = {isa = PBXFileReference; fileEncoding = 4; lastKnownFileType = sourcecode.c.h; path = ICDispatchServer.h; sourceTree = "<group>"; };
		D9EF8ED218170AEB00F9DD52 /* ICDispatchServer.m */ = {isa = PBXFileReference; fileEncoding = 4; lastKnownFileType = sourcecode.c.objc; path = ICDispatchServer.m; sourceTree = "<group>"; };
		D9EF8ED418170B3500F9DD52 /* ICClient.h */ = {isa = PBXFileReference; fileEncoding = 4; lastKnownFileType = sourcecode.c.h; path = ICClient.h; sourceTree = "<group>"; };
		D9EF8ED518170B3500F9DD52 /* ICClient.m */ = {isa = PBXFileReference; fileEncoding = 4; lastKnownFileType = sourcecode.c.objc; path = ICClient.m; sourceTree = "<group>"; };
		D9EFF9A31805867100A68AED /* QuartzCore.framework */ = {isa = PBXFileReference; lastKnownFileType = wrapper.framework; name = QuartzCore.framework; path = System/Library/Frameworks/QuartzCore.framework; sourceTree = SDKROOT; };
		D9EFF9A51805867700A68AED /* SystemConfiguration.framework */ = {isa = PBXFileReference; lastKnownFileType = wrapper.framework; name = SystemConfiguration.framework; path = System/Library/Frameworks/SystemConfiguration.framework; sourceTree = SDKROOT; };
		D9F222AC18C9FA8500A6B02B /* MBProgressHud+UIViewController.h */ = {isa = PBXFileReference; fileEncoding = 4; lastKnownFileType = sourcecode.c.h; path = "MBProgressHud+UIViewController.h"; sourceTree = "<group>"; };
		D9F222AD18C9FA8500A6B02B /* MBProgressHud+UIViewController.m */ = {isa = PBXFileReference; fileEncoding = 4; lastKnownFileType = sourcecode.c.objc; path = "MBProgressHud+UIViewController.m"; sourceTree = "<group>"; };
/* End PBXFileReference section */

/* Begin PBXFrameworksBuildPhase section */
		D9B03232180572B400F7AF69 /* Frameworks */ = {
			isa = PBXFrameworksBuildPhase;
			buildActionMask = 2147483647;
			files = (
				D906B11B18A924230065E256 /* libsqlite3.dylib in Frameworks */,
				D960BF961948D2880062DC7F /* libGoogleConversionTracking.a in Frameworks */,
				D97B7AE718083E2A00B8315D /* AdSupport.framework in Frameworks */,
				D9EFF9A61805867700A68AED /* SystemConfiguration.framework in Frameworks */,
				D9EFF9A41805867100A68AED /* QuartzCore.framework in Frameworks */,
				D948114118BD3E680005D348 /* libLocalyticsAMP_x64.a in Frameworks */,
				D9B0328C1805864D00F7AF69 /* OpenGLES.framework in Frameworks */,
				D9B0328A1805864800F7AF69 /* libz.dylib in Frameworks */,
				D9B032881805863F00F7AF69 /* libicucore.dylib in Frameworks */,
				D9D4A2801886629C00067879 /* libCardIO.a in Frameworks */,
				D9B032861805863900F7AF69 /* libc++.dylib in Frameworks */,
				D9B032841805863300F7AF69 /* ImageIO.framework in Frameworks */,
				D9B032821805862B00F7AF69 /* GLKit.framework in Frameworks */,
				D9B032801805862700F7AF69 /* CoreText.framework in Frameworks */,
				D9B0327E1805862000F7AF69 /* CoreLocation.framework in Frameworks */,
				D9B0327C1805861300F7AF69 /* CoreData.framework in Frameworks */,
				D9B0327A1805860400F7AF69 /* AVFoundation.framework in Frameworks */,
				D90A9C9E18AE5CEB002B80F4 /* GoogleMaps.framework in Frameworks */,
				D9B0323B180572B400F7AF69 /* CoreGraphics.framework in Frameworks */,
				D9B0323D180572B400F7AF69 /* UIKit.framework in Frameworks */,
				D9B03239180572B400F7AF69 /* Foundation.framework in Frameworks */,
				42C01CE1839A474A92880B69 /* libPods.a in Frameworks */,
			);
			runOnlyForDeploymentPostprocessing = 0;
		};
		D9B03256180572B400F7AF69 /* Frameworks */ = {
			isa = PBXFrameworksBuildPhase;
			buildActionMask = 2147483647;
			files = (
				D9B0325B180572B400F7AF69 /* XCTest.framework in Frameworks */,
				D9B0325D180572B400F7AF69 /* UIKit.framework in Frameworks */,
				D9B0325C180572B400F7AF69 /* Foundation.framework in Frameworks */,
			);
			runOnlyForDeploymentPostprocessing = 0;
		};
/* End PBXFrameworksBuildPhase section */

/* Begin PBXGroup section */
		D92019361816FD9A00EEA47C /* Models */ = {
			isa = PBXGroup;
			children = (
				D9EF8ED518170B3500F9DD52 /* ICClient.m */,
				D9EF8ED418170B3500F9DD52 /* ICClient.h */,
				D948113E18BCB6720005D348 /* ICPaymentProfile.m */,
				D948113D18BCB6720005D348 /* ICPaymentProfile.h */,
				D9AD51611817EE1E00692E7E /* ICLocation.m */,
				D9AD51601817EE1E00692E7E /* ICLocation.h */,
				D98058BC181A4EE000DD0BBF /* ICTrip.m */,
				D98058BB181A4EE000DD0BBF /* ICTrip.h */,
				D98058BF181A518700DD0BBF /* ICDriver.m */,
				D98058BE181A518700DD0BBF /* ICDriver.h */,
				D98058C2181A52F700DD0BBF /* ICPerson.m */,
				D98058C1181A52F700DD0BBF /* ICPerson.h */,
				D9CDF22A192A8EC4009F7D4A /* ICCity.m */,
				D9CDF229192A8EC4009F7D4A /* ICCity.h */,
				D99833D4182159C600A7DA8E /* ICVehicle.m */,
				D99833D3182159C600A7DA8E /* ICVehicle.h */,
				D9CDF22D192A9684009F7D4A /* ICVehicleView.m */,
				D9CDF22C192A9684009F7D4A /* ICVehicleView.h */,
				D9BA28AE181D4FF2009584D1 /* ICNearbyVehicle.m */,
				D9BA28AD181D4FF2009584D1 /* ICNearbyVehicle.h */,
				D9CDF236192B2FEF009F7D4A /* ICNearbyVehicles.m */,
				D9CDF235192B2FEF009F7D4A /* ICNearbyVehicles.h */,
				D9BA28B1181D50E0009584D1 /* ICVehiclePathPoint.m */,
				D9BA28B0181D50E0009584D1 /* ICVehiclePathPoint.h */,
				D9532E1D1819B44E0046E5EC /* ICPing.m */,
				D9532E1C1819B44E0046E5EC /* ICPing.h */,
				D9D4A28218866F2500067879 /* ICSignUpInfo.m */,
				D9D4A28118866F2500067879 /* ICSignUpInfo.h */,
				D982840218878F4A0014BBF7 /* ICApiResponse.m */,
				D982840118878F4A0014BBF7 /* ICApiResponse.h */,
				D9CDF230192A9828009F7D4A /* ICImage.m */,
				D9CDF22F192A9828009F7D4A /* ICImage.h */,
			);
			name = Models;
			sourceTree = "<group>";
		};
		D939FFE1190BCBFE00FED191 /* Views */ = {
			isa = PBXGroup;
			children = (
				D939FFE6190BCCF800FED191 /* ICLocationSingleLabel.m */,
				D939FFE5190BCCF800FED191 /* ICLocationSingleLabel.h */,
				D939FFE3190BCC4C00FED191 /* ICLocationLabelView.m */,
				D939FFE2190BCC4C00FED191 /* ICLocationLabelView.h */,
			);
			name = Views;
			sourceTree = "<group>";
		};
		D949AC6818F3A61C0053EB2E /* Networking */ = {
			isa = PBXGroup;
			children = (
				D99E792D18CA3D7000585A49 /* BaseService.m */,
				D99E792C18CA3D7000585A49 /* BaseService.h */,
				D9AD515A1817C7A200692E7E /* ICClientService.m */,
				D9AD51591817C7A200692E7E /* ICClientService.h */,
				D9EF8ED218170AEB00F9DD52 /* ICDispatchServer.m */,
				D9EF8ED118170AEB00F9DD52 /* ICDispatchServer.h */,
				D99C8EA819332D0A00B5FA4D /* ICImageDownloader.h */,
				D99C8EA919332D0A00B5FA4D /* ICImageDownloader.m */,
				D9D9C7C9194B2E6F003B68AF /* Payture.m */,
				D9D9C7C8194B2E6F003B68AF /* Payture.h */,
			);
			name = Networking;
			sourceTree = "<group>";
		};
		D949AC6918F3A7120053EB2E /* Library */ = {
			isa = PBXGroup;
			children = (
				D98EFDC218435677005A2BAA /* CGRectUtils.c */,
				D98EFDC318435677005A2BAA /* CGRectUtils.h */,
				D98058C5181A5A1800DD0BBF /* ICSingleton.m */,
				D98058C4181A5A1800DD0BBF /* ICSingleton.h */,
				D9C4B43D194B0AA900F62C9E /* Constants.h */,
				D9C4B43E194B0AB600F62C9E /* Constants.m */,
			);
			name = Library;
			sourceTree = "<group>";
		};
		D949AC6A18F3A9D20053EB2E /* Account */ = {
			isa = PBXGroup;
			children = (
				D9D9C7CC194B302B003B68AF /* ICPaymentViewController.m */,
				D9D9C7CB194B302B003B68AF /* ICPaymentViewController.h */,
				D90BAE1C1884356B00E03F3E /* ICLinkCardController.m */,
				D90BAE1B1884356B00E03F3E /* ICLinkCardController.h */,
				D9D4A276188655FA00067879 /* ICLinkCardController.xib */,
				D9C193211888779200A889E4 /* ICAccountViewController.m */,
				D9C193201888779200A889E4 /* ICAccountViewController.h */,
				D9C193221888779200A889E4 /* ICAccountViewController.xib */,
			);
			name = Account;
			sourceTree = "<group>";
		};
		D9532E1B1819A5510046E5EC /* Welcome & Login */ = {
			isa = PBXGroup;
			children = (
				D90BAE121884306600E03F3E /* ICWelcomeViewController.m */,
				D90BAE111884306600E03F3E /* ICWelcomeViewController.h */,
				D90BAE131884306600E03F3E /* ICWelcomeViewController.xib */,
				D9378E5E190A780900F805DB /* UIViewController+Location.m */,
				D9378E5D190A780900F805DB /* UIViewController+Location.h */,
				D98EFDAE1842921C005A2BAA /* ICLoginViewController.m */,
				D98EFDAF1842921C005A2BAA /* ICLoginViewController.h */,
			);
			name = "Welcome & Login";
			sourceTree = "<group>";
		};
		D960BF8E1948D2880062DC7F /* GoogleConversionTrackingSDK */ = {
			isa = PBXGroup;
			children = (
				D960BF8F1948D2880062DC7F /* ACTReporter.h */,
				D960BF901948D2880062DC7F /* Deprecated */,
				D960BF921948D2880062DC7F /* DoubleClick */,
				D960BF941948D2880062DC7F /* libGoogleConversionTracking.a */,
				D960BF951948D2880062DC7F /* README.txt */,
			);
			name = GoogleConversionTrackingSDK;
			path = "GoogleConversionTrackingSDK-iOS-3.0.0";
			sourceTree = "<group>";
		};
		D960BF901948D2880062DC7F /* Deprecated */ = {
			isa = PBXGroup;
			children = (
				D960BF911948D2880062DC7F /* GoogleConversionPing.h */,
			);
			path = Deprecated;
			sourceTree = "<group>";
		};
		D960BF921948D2880062DC7F /* DoubleClick */ = {
			isa = PBXGroup;
			children = (
				D960BF931948D2880062DC7F /* DCTReporter.h */,
			);
			path = DoubleClick;
			sourceTree = "<group>";
		};
		D978D4F218B5F11500952BB7 /* 3rdParty */ = {
			isa = PBXGroup;
			children = (
				D960BF8E1948D2880062DC7F /* GoogleConversionTrackingSDK */,
				D9D5FABF18F24B12006AB0A8 /* AKTransliteration */,
				D9D4A2781886629C00067879 /* CardIO */,
				D9D08D2118B4F6F300760327 /* Localytics */,
			);
			name = 3rdParty;
			sourceTree = "<group>";
		};
		D996A0C91930662F003E7349 /* VehicleSelector */ = {
			isa = PBXGroup;
			children = (
				D996A0C619305F7A003E7349 /* ICVehicleSelectionView.h */,
				D996A0C719305F7A003E7349 /* ICVehicleSelectionView.m */,
				D996A0CD19306672003E7349 /* ICVehicleSelectionSliderView.h */,
				D996A0CE19306672003E7349 /* ICVehicleSelectionSliderView.m */,
				D996A0CA19306656003E7349 /* ICVehicleSelectionSliderButton.h */,
				D996A0CB19306656003E7349 /* ICVehicleSelectionSliderButton.m */,
				D9329AE31931D9BD00453641 /* ICVehicleSelectionSliderLabel.h */,
				D9329AE41931D9BD00453641 /* ICVehicleSelectionSliderLabel.m */,
			);
			name = VehicleSelector;
			sourceTree = "<group>";
		};
		D9AD51581817C78100692E7E /* Location */ = {
			isa = PBXGroup;
			children = (
				D9AD51561817B74C00692E7E /* ICGoogleService.m */,
				D9AD51551817B74C00692E7E /* ICGoogleService.h */,
				D9AD515E1817D17C00692E7E /* ICLocationService.m */,
				D9AD515D1817D17C00692E7E /* ICLocationService.h */,
			);
			name = Location;
			sourceTree = "<group>";
		};
		D9AD515C1817C80100692E7E /* Categories */ = {
			isa = PBXGroup;
			children = (
				D9F222AC18C9FA8500A6B02B /* MBProgressHud+UIViewController.h */,
				D9F222AD18C9FA8500A6B02B /* MBProgressHud+UIViewController.m */,
				D9D42FF318C4A84D004F761F /* UIView+Positioning.h */,
				D9D42FF418C4A84D004F761F /* UIView+Positioning.m */,
				D9C1932A1889016000A889E4 /* UIViewController+TitleLabel.h */,
				D9C1932B1889016000A889E4 /* UIViewController+TitleLabel.m */,
				D940FBC2187553E800288448 /* UIActionSheet+Blocks.h */,
				D940FBC3187553E800288448 /* UIActionSheet+Blocks.m */,
				D940FBBF187552C000288448 /* UIAlertView+Additions.h */,
				D940FBC0187552C000288448 /* UIAlertView+Additions.m */,
				D9C27D911845B7A7007969EA /* UIApplication+Alerts.h */,
				D9C27D921845B7A7007969EA /* UIApplication+Alerts.m */,
				D98EFDBF18429BA8005A2BAA /* UINavigationController+Animation.h */,
				D98EFDC018429BA8005A2BAA /* UINavigationController+Animation.m */,
				D911228218094462006A49DA /* ICHighlightButton.h */,
				D911228318094462006A49DA /* ICHighlightButton.m */,
				D90BAE291885CB2200E03F3E /* QuickDialogController+Additions.h */,
				D90BAE2A1885CB2200E03F3E /* QuickDialogController+Additions.m */,
				D92D430D18F11D720052B245 /* MBProgressHud+Global.h */,
				D92D430E18F11D720052B245 /* MBProgressHud+Global.m */,
			);
			name = Categories;
			sourceTree = "<group>";
		};
		D9B0322C180572B400F7AF69 = {
			isa = PBXGroup;
			children = (
				D9B0323E180572B400F7AF69 /* Instacab */,
				D9B03260180572B400F7AF69 /* InstacabTests */,
				D9B03237180572B400F7AF69 /* Frameworks */,
				D9B03236180572B400F7AF69 /* Products */,
				64DAF51829E1477696952EBB /* Pods.xcconfig */,
			);
			sourceTree = "<group>";
		};
		D9B03236180572B400F7AF69 /* Products */ = {
			isa = PBXGroup;
			children = (
				D9B03235180572B400F7AF69 /* InstaCab.app */,
				D9B03259180572B400F7AF69 /* InstaCabTests.xctest */,
			);
			name = Products;
			sourceTree = "<group>";
		};
		D9B03237180572B400F7AF69 /* Frameworks */ = {
			isa = PBXGroup;
			children = (
				D90A9C9D18AE5CEB002B80F4 /* GoogleMaps.framework */,
				D90A9C9F18AE5CFE002B80F4 /* GoogleMaps.bundle */,
				D906B11A18A924230065E256 /* libsqlite3.dylib */,
				D97B7AE618083E2A00B8315D /* AdSupport.framework */,
				D9EFF9A51805867700A68AED /* SystemConfiguration.framework */,
				D9EFF9A31805867100A68AED /* QuartzCore.framework */,
				D9B0328B1805864D00F7AF69 /* OpenGLES.framework */,
				D9B032891805864700F7AF69 /* libz.dylib */,
				D9B032871805863F00F7AF69 /* libicucore.dylib */,
				D9B032851805863900F7AF69 /* libc++.dylib */,
				D9B032831805863300F7AF69 /* ImageIO.framework */,
				D9B032811805862B00F7AF69 /* GLKit.framework */,
				D9B0327F1805862700F7AF69 /* CoreText.framework */,
				D9B0327D1805862000F7AF69 /* CoreLocation.framework */,
				D9B0327B1805861300F7AF69 /* CoreData.framework */,
				D9B032791805860400F7AF69 /* AVFoundation.framework */,
				D9B03238180572B400F7AF69 /* Foundation.framework */,
				D9B0323A180572B400F7AF69 /* CoreGraphics.framework */,
				D9B0323C180572B400F7AF69 /* UIKit.framework */,
				D9B0325A180572B400F7AF69 /* XCTest.framework */,
				6FAA71C8A26847CBB29B2EF5 /* libPods-Instacab.a */,
				3EA7016CD9354BF2998EC10F /* libPods-InstaCab.a */,
				C3E0C195E5B34249863BF67D /* libPods.a */,
			);
			name = Frameworks;
			sourceTree = "<group>";
		};
		D9B0323E180572B400F7AF69 /* Instacab */ = {
			isa = PBXGroup;
			children = (
				D9C878A6194D96F90054F205 /* Analytics */,
				D92019361816FD9A00EEA47C /* Models */,
				D949AC6818F3A61C0053EB2E /* Networking */,
				D9AD51581817C78100692E7E /* Location */,
				D949AC6918F3A7120053EB2E /* Library */,
				D9532E1B1819A5510046E5EC /* Welcome & Login */,
				D9BD8EAC1903A42A008E0F80 /* Request */,
				D9B5F496190BA20F0090CB8D /* Receipt */,
				D9D88412188FE79E006BD004 /* SignUp */,
				D949AC6A18F3A9D20053EB2E /* Account */,
				D9FF8C8A194A1387004714CD /* Sidebar */,
				D9AD515C1817C80100692E7E /* Categories */,
				D978D4F218B5F11500952BB7 /* 3rdParty */,
				D9B03248180572B400F7AF69 /* AppDelegate.m */,
				D9B03247180572B400F7AF69 /* AppDelegate.h */,
				D9B0323F180572B400F7AF69 /* Supporting Files */,
				D99833D11820E89A00A7DA8E /* Images.xcassets */,
			);
			path = Instacab;
			sourceTree = "<group>";
		};
		D9B0323F180572B400F7AF69 /* Supporting Files */ = {
			isa = PBXGroup;
			children = (
				D9A63CCD18B0843C00F9577E /* Skver.gpx */,
				D9A10705185F329C00350A17 /* 9yanvarya.gpx */,
				D9B03240180572B400F7AF69 /* InstaCab-Info.plist */,
				D9B03241180572B400F7AF69 /* InfoPlist.strings */,
				D9B03244180572B400F7AF69 /* main.m */,
				D9B03246180572B400F7AF69 /* InstaCab-Prefix.pch */,
			);
			name = "Supporting Files";
			sourceTree = "<group>";
		};
		D9B03260180572B400F7AF69 /* InstacabTests */ = {
			isa = PBXGroup;
			children = (
				D9B03266180572B400F7AF69 /* InstacabTests.m */,
				D9B03261180572B400F7AF69 /* Supporting Files */,
			);
			path = InstacabTests;
			sourceTree = "<group>";
		};
		D9B03261180572B400F7AF69 /* Supporting Files */ = {
			isa = PBXGroup;
			children = (
				D9B03262180572B400F7AF69 /* InstaCabTests-Info.plist */,
				D9B03263180572B400F7AF69 /* InfoPlist.strings */,
			);
			name = "Supporting Files";
			sourceTree = "<group>";
		};
		D9B5F496190BA20F0090CB8D /* Receipt */ = {
			isa = PBXGroup;
			children = (
				D9CD0E4A1829A55400A02619 /* ICReceiptViewController.m */,
				D9CD0E491829A55400A02619 /* ICReceiptViewController.h */,
				D9CD0E4B1829A55400A02619 /* ICReceiptViewController.xib */,
				D90BAE211884359500E03F3E /* ICFeedbackViewController.m */,
				D90BAE201884359500E03F3E /* ICFeedbackViewController.h */,
				D90BAE221884359500E03F3E /* ICFeedbackViewController.xib */,
			);
			name = Receipt;
			sourceTree = "<group>";
		};
		D9BD8EAC1903A42A008E0F80 /* Request */ = {
			isa = PBXGroup;
			children = (
				D9BD8EB21903A92E008E0F80 /* Search */,
				D9C4B440194B1D0B00F62C9E /* Verify Mobile */,
				D9C4B441194B1D1900F62C9E /* Promo */,
				D996A0C91930662F003E7349 /* VehicleSelector */,
				D9B0327318057E2C00F7AF69 /* ICRequestViewController.m */,
				D9B0327218057E2C00F7AF69 /* ICRequestViewController.h */,
				D96EEB281805895B0048A669 /* ICRequestViewController.xib */,
			);
			name = Request;
			sourceTree = "<group>";
		};
		D9BD8EB21903A92E008E0F80 /* Search */ = {
			isa = PBXGroup;
			children = (
				D939FFE1190BCBFE00FED191 /* Views */,
				D9BD8EAE1903A92A008E0F80 /* ICSearchViewController.m */,
				D9BD8EAD1903A92A008E0F80 /* ICSearchViewController.h */,
				D9B5F492190B78560090CB8D /* ICFareEstimateViewController.m */,
				D9B5F491190B78560090CB8D /* ICFareEstimateViewController.h */,
				D9B5F493190B78560090CB8D /* ICFareEstimateViewController.xib */,
			);
			name = Search;
			sourceTree = "<group>";
		};
		D9C4B440194B1D0B00F62C9E /* Verify Mobile */ = {
			isa = PBXGroup;
			children = (
				D97A48D118F03FCB0095B4BC /* ICVerifyMobileViewController.m */,
				D97A48D018F03FCB0095B4BC /* ICVerifyMobileViewController.h */,
				D97A48D218F03FCB0095B4BC /* ICVerifyMobileViewController.xib */,
			);
			name = "Verify Mobile";
			sourceTree = "<group>";
		};
		D9C4B441194B1D1900F62C9E /* Promo */ = {
			isa = PBXGroup;
			children = (
				D900104F19069B2000F0FB09 /* ICPromoViewController.m */,
				D900104E19069B2000F0FB09 /* ICPromoViewController.h */,
				D900105019069B2000F0FB09 /* ICPromoViewController.xib */,
			);
			name = Promo;
			sourceTree = "<group>";
		};
		D9C878A6194D96F90054F205 /* Analytics */ = {
			isa = PBXGroup;
			children = (
				D9C878A8194D98AB0054F205 /* AnalyticsManager.m */,
				D9C878A7194D98AB0054F205 /* AnalyticsManager.h */,
			);
			name = Analytics;
			sourceTree = "<group>";
		};
		D9D08D2118B4F6F300760327 /* Localytics */ = {
			isa = PBXGroup;
			children = (
				D948114018BD3E680005D348 /* libLocalyticsAMP_x64.a */,
				D9D08D2218B4F6F300760327 /* iOSa_2.21.1.version */,
				D9D08D2518B4F6F300760327 /* LICENSE */,
				D9D08D2618B4F6F300760327 /* LocalyticsAmpSession.h */,
				D9D08D2718B4F6F300760327 /* LocalyticsSession.h */,
			);
			path = Localytics;
			sourceTree = "<group>";
		};
		D9D4A2781886629C00067879 /* CardIO */ = {
			isa = PBXGroup;
			children = (
				D9D4A2791886629C00067879 /* CardIO.h */,
				D9D4A27A1886629C00067879 /* CardIOCreditCardInfo.h */,
				D9D4A27B1886629C00067879 /* CardIOPaymentViewController.h */,
				D9D4A27C1886629C00067879 /* CardIOPaymentViewControllerDelegate.h */,
				D9D4A27D1886629C00067879 /* CardIOView.h */,
				D9D4A27E1886629C00067879 /* CardIOViewDelegate.h */,
				D9D4A27F1886629C00067879 /* libCardIO.a */,
			);
			path = CardIO;
			sourceTree = "<group>";
		};
		D9D5FABF18F24B12006AB0A8 /* AKTransliteration */ = {
			isa = PBXGroup;
			children = (
				D9D5FAC118F24B12006AB0A8 /* AKTransliteration.h */,
				D9D5FAC218F24B12006AB0A8 /* AKTransliteration.m */,
				D9D5FAC318F24B12006AB0A8 /* EnRuRules.plist */,
				D9D5FAC418F24B12006AB0A8 /* RuEnRules.plist */,
			);
			path = AKTransliteration;
			sourceTree = "<group>";
		};
		D9D88412188FE79E006BD004 /* SignUp */ = {
			isa = PBXGroup;
			children = (
				D90BAE171884353300E03F3E /* ICCreateAccountDialog.m */,
				D90BAE161884353300E03F3E /* ICCreateAccountDialog.h */,
				D90BAE261885C89900E03F3E /* ICCreateProfileDialog.m */,
				D90BAE251885C89900E03F3E /* ICCreateProfileDialog.h */,
				D9DD9BD418F793BC009798C2 /* ICUpdateMobileViewController.m */,
				D9DD9BD318F793BC009798C2 /* ICUpdateMobileViewController.h */,
				D9DD9BD518F793BC009798C2 /* ICUpdateMobileViewController.xib */,
				D9BD7BB11887C087009351D6 /* ICSignUpFlowDelegate.h */,
				D97CA544194AD2C800DB60CB /* QCustomAppearance.m */,
				D97CA543194AD2C800DB60CB /* QCustomAppearance.h */,
			);
			name = SignUp;
			sourceTree = "<group>";
		};
		D9FF8C8A194A1387004714CD /* Sidebar */ = {
			isa = PBXGroup;
			children = (
				D9A5F879194A330C004E56A7 /* ICSidebarController.m */,
				D9A5F878194A330C004E56A7 /* ICSidebarController.h */,
			);
			name = Sidebar;
			sourceTree = "<group>";
		};
/* End PBXGroup section */

/* Begin PBXNativeTarget section */
		D9B03234180572B400F7AF69 /* InstaCab */ = {
			isa = PBXNativeTarget;
			buildConfigurationList = D9B0326A180572B400F7AF69 /* Build configuration list for PBXNativeTarget "InstaCab" */;
			buildPhases = (
				59AFB8193D2D4B02A91DA12E /* Check Pods Manifest.lock */,
				D9B03231180572B400F7AF69 /* Sources */,
				D9B03232180572B400F7AF69 /* Frameworks */,
				D9B03233180572B400F7AF69 /* Resources */,
				6EA71CEEEBC94CA0B41B3FF0 /* Copy Pods Resources */,
				EBA14D7984DD48D5A1003053 /* Upload Bugsnag dSYM */,
			);
			buildRules = (
			);
			dependencies = (
			);
			name = InstaCab;
			productName = Instacab;
			productReference = D9B03235180572B400F7AF69 /* InstaCab.app */;
			productType = "com.apple.product-type.application";
		};
		D9B03258180572B400F7AF69 /* InstaCabTests */ = {
			isa = PBXNativeTarget;
			buildConfigurationList = D9B0326D180572B400F7AF69 /* Build configuration list for PBXNativeTarget "InstaCabTests" */;
			buildPhases = (
				D9B03255180572B400F7AF69 /* Sources */,
				D9B03256180572B400F7AF69 /* Frameworks */,
				D9B03257180572B400F7AF69 /* Resources */,
			);
			buildRules = (
			);
			dependencies = (
				D9B0325F180572B400F7AF69 /* PBXTargetDependency */,
			);
			name = InstaCabTests;
			productName = InstacabTests;
			productReference = D9B03259180572B400F7AF69 /* InstaCabTests.xctest */;
			productType = "com.apple.product-type.bundle.unit-test";
		};
/* End PBXNativeTarget section */

/* Begin PBXProject section */
		D9B0322D180572B400F7AF69 /* Project object */ = {
			isa = PBXProject;
			attributes = {
				CLASSPREFIX = IC;
				LastUpgradeCheck = 0510;
				ORGANIZATIONNAME = "Bright Stripe";
				TargetAttributes = {
					D9B03234180572B400F7AF69 = {
						DevelopmentTeam = R26YBUAHZX;
						SystemCapabilities = {
							com.apple.BackgroundModes = {
								enabled = 0;
							};
							com.apple.iOS = {
								enabled = 0;
							};
						};
					};
					D9B03258180572B400F7AF69 = {
						TestTargetID = D9B03234180572B400F7AF69;
					};
				};
			};
			buildConfigurationList = D9B03230180572B400F7AF69 /* Build configuration list for PBXProject "InstaCab" */;
			compatibilityVersion = "Xcode 3.2";
			developmentRegion = English;
			hasScannedForEncodings = 0;
			knownRegions = (
				en,
				Base,
			);
			mainGroup = D9B0322C180572B400F7AF69;
			productRefGroup = D9B03236180572B400F7AF69 /* Products */;
			projectDirPath = "";
			projectRoot = "";
			targets = (
				D9B03234180572B400F7AF69 /* InstaCab */,
				D9B03258180572B400F7AF69 /* InstaCabTests */,
			);
		};
/* End PBXProject section */

/* Begin PBXResourcesBuildPhase section */
		D9B03233180572B400F7AF69 /* Resources */ = {
			isa = PBXResourcesBuildPhase;
			buildActionMask = 2147483647;
			files = (
				D90BAE241884359500E03F3E /* ICFeedbackViewController.xib in Resources */,
				D9D4A277188655FA00067879 /* ICLinkCardController.xib in Resources */,
				D9D08D2B18B4F6F300760327 /* LICENSE in Resources */,
				D9C193241888779200A889E4 /* ICAccountViewController.xib in Resources */,
				D9B03243180572B400F7AF69 /* InfoPlist.strings in Resources */,
				D9D08D2818B4F6F300760327 /* iOSa_2.21.1.version in Resources */,
				D99833D21820E89A00A7DA8E /* Images.xcassets in Resources */,
				D9DD9BD718F793BC009798C2 /* ICUpdateMobileViewController.xib in Resources */,
				D9A63CCE18B0843C00F9577E /* Skver.gpx in Resources */,
				D97A48D418F03FCB0095B4BC /* ICVerifyMobileViewController.xib in Resources */,
				D9B5F495190B78560090CB8D /* ICFareEstimateViewController.xib in Resources */,
				D90BAE151884306600E03F3E /* ICWelcomeViewController.xib in Resources */,
				D9CD0E4D1829A55400A02619 /* ICReceiptViewController.xib in Resources */,
				D900105219069B2000F0FB09 /* ICPromoViewController.xib in Resources */,
				D960BF971948D2880062DC7F /* README.txt in Resources */,
				D9A10706185F329C00350A17 /* 9yanvarya.gpx in Resources */,
				D96EEB291805895B0048A669 /* ICRequestViewController.xib in Resources */,
				D9D5FAC718F24B12006AB0A8 /* EnRuRules.plist in Resources */,
				D9D5FAC818F24B12006AB0A8 /* RuEnRules.plist in Resources */,
				D90A9CA018AE5CFE002B80F4 /* GoogleMaps.bundle in Resources */,
			);
			runOnlyForDeploymentPostprocessing = 0;
		};
		D9B03257180572B400F7AF69 /* Resources */ = {
			isa = PBXResourcesBuildPhase;
			buildActionMask = 2147483647;
			files = (
				D9B03265180572B400F7AF69 /* InfoPlist.strings in Resources */,
			);
			runOnlyForDeploymentPostprocessing = 0;
		};
/* End PBXResourcesBuildPhase section */

/* Begin PBXShellScriptBuildPhase section */
		59AFB8193D2D4B02A91DA12E /* Check Pods Manifest.lock */ = {
			isa = PBXShellScriptBuildPhase;
			buildActionMask = 2147483647;
			files = (
			);
			inputPaths = (
			);
			name = "Check Pods Manifest.lock";
			outputPaths = (
			);
			runOnlyForDeploymentPostprocessing = 0;
			shellPath = /bin/sh;
			shellScript = "diff \"${PODS_ROOT}/../Podfile.lock\" \"${PODS_ROOT}/Manifest.lock\" > /dev/null\nif [[ $? != 0 ]] ; then\n    cat << EOM\nerror: The sandbox is not in sync with the Podfile.lock. Run 'pod install' or update your CocoaPods installation.\nEOM\n    exit 1\nfi\n";
			showEnvVarsInLog = 0;
		};
		6EA71CEEEBC94CA0B41B3FF0 /* Copy Pods Resources */ = {
			isa = PBXShellScriptBuildPhase;
			buildActionMask = 2147483647;
			files = (
			);
			inputPaths = (
			);
			name = "Copy Pods Resources";
			outputPaths = (
			);
			runOnlyForDeploymentPostprocessing = 0;
			shellPath = /bin/sh;
			shellScript = "\"${SRCROOT}/Pods/Pods-resources.sh\"\n";
			showEnvVarsInLog = 0;
		};
		EBA14D7984DD48D5A1003053 /* Upload Bugsnag dSYM */ = {
			isa = PBXShellScriptBuildPhase;
			buildActionMask = 2147483647;
			files = (
			);
			inputPaths = (
			);
			name = "Upload Bugsnag dSYM";
			outputPaths = (
			);
			runOnlyForDeploymentPostprocessing = 0;
			shellPath = /usr/bin/ruby;
			shellScript = "\nif ENV[\"DEBUG_INFORMATION_FORMAT\"] != \"dwarf-with-dsym\" or ENV[\"PLATFORM_NAME\"] == \"iphonesimulator\"\n  exit\nend\n\nfork do\n  Process.setsid\n  STDIN.reopen(\"/dev/null\")\n  STDOUT.reopen(\"/dev/null\", \"a\")\n  STDERR.reopen(\"/dev/null\", \"a\")\n\n  require 'shellwords'\n\n  Dir[\"#{ENV[\"DWARF_DSYM_FOLDER_PATH\"]}/#{ENV[\"DWARF_DSYM_FILE_NAME\"]}/Contents/Resources/DWARF/*\"].each do |dsym|\n    system(\"curl -F dsym=@#{Shellwords.escape(dsym)} -F projectRoot=#{Shellwords.escape(ENV[\"PROJECT_DIR\"])} https://upload.bugsnag.com/\")\n  end\nend\n";
			showEnvVarsInLog = 0;
		};
/* End PBXShellScriptBuildPhase section */

/* Begin PBXSourcesBuildPhase section */
		D9B03231180572B400F7AF69 /* Sources */ = {
			isa = PBXSourcesBuildPhase;
			buildActionMask = 2147483647;
			files = (
				D939FFE4190BCC4C00FED191 /* ICLocationLabelView.m in Sources */,
				D9EF8ED318170AEB00F9DD52 /* ICDispatchServer.m in Sources */,
				D98EFDC418435677005A2BAA /* CGRectUtils.c in Sources */,
				D9B03249180572B400F7AF69 /* AppDelegate.m in Sources */,
				D996A0CC19306656003E7349 /* ICVehicleSelectionSliderButton.m in Sources */,
				D9AD51571817B74C00692E7E /* ICGoogleService.m in Sources */,
				D9BD8EB01903A92A008E0F80 /* ICSearchViewController.m in Sources */,
				D99E792E18CA3D7000585A49 /* BaseService.m in Sources */,
				D9D42FF518C4A84D004F761F /* UIView+Positioning.m in Sources */,
				D982840318878F4A0014BBF7 /* ICApiResponse.m in Sources */,
				D9D4A28318866F2500067879 /* ICSignUpInfo.m in Sources */,
				D9CDF237192B2FEF009F7D4A /* ICNearbyVehicles.m in Sources */,
				D9329AE51931D9BD00453641 /* ICVehicleSelectionSliderLabel.m in Sources */,
				D9AD515B1817C7A200692E7E /* ICClientService.m in Sources */,
				D911228418094462006A49DA /* ICHighlightButton.m in Sources */,
				D9C27D931845B7A7007969EA /* UIApplication+Alerts.m in Sources */,
				D9C878A9194D98AB0054F205 /* AnalyticsManager.m in Sources */,
				D90BAE141884306600E03F3E /* ICWelcomeViewController.m in Sources */,
				D97A48D318F03FCB0095B4BC /* ICVerifyMobileViewController.m in Sources */,
				D948113F18BCB6720005D348 /* ICPaymentProfile.m in Sources */,
				D939FFE7190BCCF800FED191 /* ICLocationSingleLabel.m in Sources */,
				D9AD51621817EE1E00692E7E /* ICLocation.m in Sources */,
				D9C114CE1813C00C002833FF /* ICRequestViewController.m in Sources */,
				D9CDF231192A9828009F7D4A /* ICImage.m in Sources */,
				D99833D5182159C600A7DA8E /* ICVehicle.m in Sources */,
				D98EFDC118429BA8005A2BAA /* UINavigationController+Animation.m in Sources */,
				D98058BD181A4EE000DD0BBF /* ICTrip.m in Sources */,
				D90BAE231884359500E03F3E /* ICFeedbackViewController.m in Sources */,
				D9CDF22E192A9684009F7D4A /* ICVehicleView.m in Sources */,
				D90BAE271885C89900E03F3E /* ICCreateProfileDialog.m in Sources */,
				D9BA28B2181D50E0009584D1 /* ICVehiclePathPoint.m in Sources */,
				D940FBC4187553E800288448 /* UIActionSheet+Blocks.m in Sources */,
				D9D5FAC618F24B12006AB0A8 /* AKTransliteration.m in Sources */,
				D9B5F494190B78560090CB8D /* ICFareEstimateViewController.m in Sources */,
				D9C193231888779200A889E4 /* ICAccountViewController.m in Sources */,
				D996A0CF19306672003E7349 /* ICVehicleSelectionSliderView.m in Sources */,
				D9A5F87A194A330C004E56A7 /* ICSidebarController.m in Sources */,
				D996A0C819305F7A003E7349 /* ICVehicleSelectionView.m in Sources */,
				D99C8EAA19332D0A00B5FA4D /* ICImageDownloader.m in Sources */,
				D92D430F18F11D720052B245 /* MBProgressHud+Global.m in Sources */,
				D9CDF22B192A8EC4009F7D4A /* ICCity.m in Sources */,
				D9532E1E1819B44E0046E5EC /* ICPing.m in Sources */,
				D9EF8ED618170B3500F9DD52 /* ICClient.m in Sources */,
				D9BA28AF181D4FF2009584D1 /* ICNearbyVehicle.m in Sources */,
				D9C4B43F194B0AB600F62C9E /* Constants.m in Sources */,
				D9AD515F1817D17C00692E7E /* ICLocationService.m in Sources */,
				D9C1932C1889016000A889E4 /* UIViewController+TitleLabel.m in Sources */,
				D9B03245180572B400F7AF69 /* main.m in Sources */,
				D9378E5F190A780900F805DB /* UIViewController+Location.m in Sources */,
				D9D9C7CA194B2E6F003B68AF /* Payture.m in Sources */,
				D98058C6181A5A1800DD0BBF /* ICSingleton.m in Sources */,
				D9CD0E4C1829A55400A02619 /* ICReceiptViewController.m in Sources */,
				D98058C0181A518700DD0BBF /* ICDriver.m in Sources */,
				D900105119069B2000F0FB09 /* ICPromoViewController.m in Sources */,
				D940FBC1187552C000288448 /* UIAlertView+Additions.m in Sources */,
				D9DD9BD618F793BC009798C2 /* ICUpdateMobileViewController.m in Sources */,
				D90BAE191884353300E03F3E /* ICCreateAccountDialog.m in Sources */,
				D97CA545194AD2C800DB60CB /* QCustomAppearance.m in Sources */,
				D9F222AE18C9FA8500A6B02B /* MBProgressHud+UIViewController.m in Sources */,
				D98058C3181A52F700DD0BBF /* ICPerson.m in Sources */,
				D90BAE2B1885CB2200E03F3E /* QuickDialogController+Additions.m in Sources */,
				D90BAE1E1884356B00E03F3E /* ICLinkCardController.m in Sources */,
				D9D9C7CD194B302B003B68AF /* ICPaymentViewController.m in Sources */,
				D98EFDB11842921C005A2BAA /* ICLoginViewController.m in Sources */,
			);
			runOnlyForDeploymentPostprocessing = 0;
		};
		D9B03255180572B400F7AF69 /* Sources */ = {
			isa = PBXSourcesBuildPhase;
			buildActionMask = 2147483647;
			files = (
				D9B03267180572B400F7AF69 /* InstacabTests.m in Sources */,
			);
			runOnlyForDeploymentPostprocessing = 0;
		};
/* End PBXSourcesBuildPhase section */

/* Begin PBXTargetDependency section */
		D9B0325F180572B400F7AF69 /* PBXTargetDependency */ = {
			isa = PBXTargetDependency;
			target = D9B03234180572B400F7AF69 /* InstaCab */;
			targetProxy = D9B0325E180572B400F7AF69 /* PBXContainerItemProxy */;
		};
/* End PBXTargetDependency section */

/* Begin PBXVariantGroup section */
		D9B03241180572B400F7AF69 /* InfoPlist.strings */ = {
			isa = PBXVariantGroup;
			children = (
				D9B03242180572B400F7AF69 /* en */,
			);
			name = InfoPlist.strings;
			sourceTree = "<group>";
		};
		D9B03263180572B400F7AF69 /* InfoPlist.strings */ = {
			isa = PBXVariantGroup;
			children = (
				D9B03264180572B400F7AF69 /* en */,
			);
			name = InfoPlist.strings;
			sourceTree = "<group>";
		};
/* End PBXVariantGroup section */

/* Begin XCBuildConfiguration section */
		D9B03268180572B400F7AF69 /* Debug */ = {
			isa = XCBuildConfiguration;
			buildSettings = {
				ALWAYS_SEARCH_USER_PATHS = NO;
				CLANG_CXX_LANGUAGE_STANDARD = "gnu++0x";
				CLANG_CXX_LIBRARY = "libc++";
				CLANG_ENABLE_MODULES = YES;
				CLANG_ENABLE_OBJC_ARC = YES;
				CLANG_WARN_BOOL_CONVERSION = YES;
				CLANG_WARN_CONSTANT_CONVERSION = YES;
				CLANG_WARN_DIRECT_OBJC_ISA_USAGE = YES_ERROR;
				CLANG_WARN_EMPTY_BODY = YES;
				CLANG_WARN_ENUM_CONVERSION = YES;
				CLANG_WARN_INT_CONVERSION = YES;
				CLANG_WARN_OBJC_ROOT_CLASS = YES_ERROR;
				CLANG_WARN__DUPLICATE_METHOD_MATCH = YES;
				"CODE_SIGN_IDENTITY[sdk=iphoneos*]" = "iPhone Developer";
				COPY_PHASE_STRIP = NO;
				GCC_C_LANGUAGE_STANDARD = gnu99;
				GCC_DYNAMIC_NO_PIC = NO;
				GCC_OPTIMIZATION_LEVEL = 0;
				GCC_PREPROCESSOR_DEFINITIONS = (
					"DEBUG=1",
					"$(inherited)",
				);
				GCC_SYMBOLS_PRIVATE_EXTERN = NO;
				GCC_WARN_64_TO_32_BIT_CONVERSION = YES;
				GCC_WARN_ABOUT_RETURN_TYPE = YES_ERROR;
				GCC_WARN_UNDECLARED_SELECTOR = YES;
				GCC_WARN_UNINITIALIZED_AUTOS = YES;
				GCC_WARN_UNUSED_FUNCTION = NO;
				GCC_WARN_UNUSED_VARIABLE = NO;
				IPHONEOS_DEPLOYMENT_TARGET = 7.0;
				ONLY_ACTIVE_ARCH = YES;
				OTHER_LDFLAGS = (
					"-all_load",
					"-ObjC",
				);
				SDKROOT = iphoneos;
			};
			name = Debug;
		};
		D9B03269180572B400F7AF69 /* Release */ = {
			isa = XCBuildConfiguration;
			buildSettings = {
				ALWAYS_SEARCH_USER_PATHS = NO;
				CLANG_CXX_LANGUAGE_STANDARD = "gnu++0x";
				CLANG_CXX_LIBRARY = "libc++";
				CLANG_ENABLE_MODULES = YES;
				CLANG_ENABLE_OBJC_ARC = YES;
				CLANG_WARN_BOOL_CONVERSION = YES;
				CLANG_WARN_CONSTANT_CONVERSION = YES;
				CLANG_WARN_DIRECT_OBJC_ISA_USAGE = YES_ERROR;
				CLANG_WARN_EMPTY_BODY = YES;
				CLANG_WARN_ENUM_CONVERSION = YES;
				CLANG_WARN_INT_CONVERSION = YES;
				CLANG_WARN_OBJC_ROOT_CLASS = YES_ERROR;
				CLANG_WARN__DUPLICATE_METHOD_MATCH = YES;
				"CODE_SIGN_IDENTITY[sdk=iphoneos*]" = "iPhone Developer";
				COPY_PHASE_STRIP = YES;
				ENABLE_NS_ASSERTIONS = NO;
				GCC_C_LANGUAGE_STANDARD = gnu99;
				GCC_WARN_64_TO_32_BIT_CONVERSION = YES;
				GCC_WARN_ABOUT_RETURN_TYPE = YES_ERROR;
				GCC_WARN_UNDECLARED_SELECTOR = YES;
				GCC_WARN_UNINITIALIZED_AUTOS = YES;
				GCC_WARN_UNUSED_FUNCTION = NO;
				GCC_WARN_UNUSED_VARIABLE = NO;
				IPHONEOS_DEPLOYMENT_TARGET = 7.0;
				OTHER_LDFLAGS = (
					"-all_load",
					"-ObjC",
				);
				SDKROOT = iphoneos;
				VALIDATE_PRODUCT = YES;
			};
			name = Release;
		};
		D9B0326B180572B400F7AF69 /* Debug */ = {
			isa = XCBuildConfiguration;
			baseConfigurationReference = 64DAF51829E1477696952EBB /* Pods.xcconfig */;
			buildSettings = {
				ASSETCATALOG_COMPILER_APPICON_NAME = AppIcon;
				ASSETCATALOG_COMPILER_LAUNCHIMAGE_NAME = LaunchImage;
				CODE_SIGN_IDENTITY = "iPhone Developer";
				"CODE_SIGN_IDENTITY[sdk=iphoneos*]" = "iPhone Developer";
				FRAMEWORK_SEARCH_PATHS = (
					"$(inherited)",
					/Users/tisunov/InstacabApp,
				);
				GCC_PRECOMPILE_PREFIX_HEADER = YES;
				GCC_PREFIX_HEADER = "Instacab/InstaCab-Prefix.pch";
				INFOPLIST_FILE = "$(SRCROOT)/Instacab/InstaCab-Info.plist";
				IPHONEOS_DEPLOYMENT_TARGET = 7.0;
				LIBRARY_SEARCH_PATHS = (
					"$(inherited)",
					/Users/tisunov/InstacabApp/Instacab/CardIO,
					/Users/tisunov/InstacabApp/Instacab/Localytics,
					"$(PROJECT_DIR)/Instacab/GoogleConversionTrackingSDK-iOS-3.0.0",
				);
				OTHER_LDFLAGS = (
					"-all_load",
					"-ObjC",
					"$(inherited)",
				);
				PRODUCT_NAME = InstaCab;
				PROVISIONING_PROFILE = "";
				TARGETED_DEVICE_FAMILY = 1;
				VALID_ARCHS = "armv7 armv7s arm64";
				WRAPPER_EXTENSION = app;
			};
			name = Debug;
		};
		D9B0326C180572B400F7AF69 /* Release */ = {
			isa = XCBuildConfiguration;
			baseConfigurationReference = 64DAF51829E1477696952EBB /* Pods.xcconfig */;
			buildSettings = {
				ASSETCATALOG_COMPILER_APPICON_NAME = AppIcon;
				ASSETCATALOG_COMPILER_LAUNCHIMAGE_NAME = LaunchImage;
				CODE_SIGN_IDENTITY = "iPhone Developer";
				"CODE_SIGN_IDENTITY[sdk=iphoneos*]" = "iPhone Developer";
				FRAMEWORK_SEARCH_PATHS = (
					"$(inherited)",
					/Users/tisunov/InstacabApp,
				);
				GCC_PRECOMPILE_PREFIX_HEADER = YES;
				GCC_PREFIX_HEADER = "Instacab/InstaCab-Prefix.pch";
				GCC_PREPROCESSOR_DEFINITIONS = "$(inherited)";
				INFOPLIST_FILE = "$(SRCROOT)/Instacab/InstaCab-Info.plist";
				IPHONEOS_DEPLOYMENT_TARGET = 7.0;
				LIBRARY_SEARCH_PATHS = (
					"$(inherited)",
					/Users/tisunov/InstacabApp/Instacab/CardIO,
					/Users/tisunov/InstacabApp/Instacab/Localytics,
					"$(PROJECT_DIR)/Instacab/GoogleConversionTrackingSDK-iOS-3.0.0",
				);
				OTHER_LDFLAGS = (
					"-all_load",
					"-ObjC",
					"$(inherited)",
				);
				PRODUCT_NAME = InstaCab;
				PROVISIONING_PROFILE = "";
				TARGETED_DEVICE_FAMILY = 1;
				VALID_ARCHS = "armv7 armv7s arm64";
				WRAPPER_EXTENSION = app;
			};
			name = Release;
		};
		D9B0326E180572B400F7AF69 /* Debug */ = {
			isa = XCBuildConfiguration;
			buildSettings = {
				BUNDLE_LOADER = "$(BUILT_PRODUCTS_DIR)/Instacab.app/Instacab";
				FRAMEWORK_SEARCH_PATHS = (
					"$(SDKROOT)/Developer/Library/Frameworks",
					"$(inherited)",
					"$(DEVELOPER_FRAMEWORKS_DIR)",
				);
				GCC_PRECOMPILE_PREFIX_HEADER = YES;
				GCC_PREFIX_HEADER = "Instacab/Instacab-Prefix.pch";
				GCC_PREPROCESSOR_DEFINITIONS = (
					"DEBUG=1",
					"$(inherited)",
				);
				INFOPLIST_FILE = "InstacabTests/InstaCabTests-Info.plist";
				PRODUCT_NAME = InstaCabTests;
				TEST_HOST = "$(BUNDLE_LOADER)";
				WRAPPER_EXTENSION = xctest;
			};
			name = Debug;
		};
		D9B0326F180572B400F7AF69 /* Release */ = {
			isa = XCBuildConfiguration;
			buildSettings = {
				BUNDLE_LOADER = "$(BUILT_PRODUCTS_DIR)/Instacab.app/Instacab";
				FRAMEWORK_SEARCH_PATHS = (
					"$(SDKROOT)/Developer/Library/Frameworks",
					"$(inherited)",
					"$(DEVELOPER_FRAMEWORKS_DIR)",
				);
				GCC_PRECOMPILE_PREFIX_HEADER = YES;
				GCC_PREFIX_HEADER = "Instacab/Instacab-Prefix.pch";
				INFOPLIST_FILE = "InstacabTests/InstaCabTests-Info.plist";
				PRODUCT_NAME = InstaCabTests;
				TEST_HOST = "$(BUNDLE_LOADER)";
				WRAPPER_EXTENSION = xctest;
			};
			name = Release;
		};
/* End XCBuildConfiguration section */

/* Begin XCConfigurationList section */
		D9B03230180572B400F7AF69 /* Build configuration list for PBXProject "InstaCab" */ = {
			isa = XCConfigurationList;
			buildConfigurations = (
				D9B03268180572B400F7AF69 /* Debug */,
				D9B03269180572B400F7AF69 /* Release */,
			);
			defaultConfigurationIsVisible = 0;
			defaultConfigurationName = Release;
		};
		D9B0326A180572B400F7AF69 /* Build configuration list for PBXNativeTarget "InstaCab" */ = {
			isa = XCConfigurationList;
			buildConfigurations = (
				D9B0326B180572B400F7AF69 /* Debug */,
				D9B0326C180572B400F7AF69 /* Release */,
			);
			defaultConfigurationIsVisible = 0;
			defaultConfigurationName = Release;
		};
		D9B0326D180572B400F7AF69 /* Build configuration list for PBXNativeTarget "InstaCabTests" */ = {
			isa = XCConfigurationList;
			buildConfigurations = (
				D9B0326E180572B400F7AF69 /* Debug */,
				D9B0326F180572B400F7AF69 /* Release */,
			);
			defaultConfigurationIsVisible = 0;
			defaultConfigurationName = Release;
		};
/* End XCConfigurationList section */
	};
	rootObject = D9B0322D180572B400F7AF69 /* Project object */;
}
