// !$*UTF8*$!
{
	archiveVersion = 1;
	classes = {
	};
	objectVersion = 46;
	objects = {

/* Begin PBXBuildFile section */
		72FB6EED4F024D58B2CBD5E8 /* libPods-InstacabDriver.a in Frameworks */ = {isa = PBXBuildFile; fileRef = 556CB6EE4DFB44BA8C0EB437 /* libPods-InstacabDriver.a */; };
		D93F8820182A5EEC009CBA53 /* GoogleMaps.framework in Frameworks */ = {isa = PBXBuildFile; fileRef = D93F881F182A5EEC009CBA53 /* GoogleMaps.framework */; };
		D93F8822182A5F1F009CBA53 /* AVFoundation.framework in Frameworks */ = {isa = PBXBuildFile; fileRef = D93F8821182A5F1F009CBA53 /* AVFoundation.framework */; };
		D93F8824182A5F35009CBA53 /* CoreData.framework in Frameworks */ = {isa = PBXBuildFile; fileRef = D93F8823182A5F35009CBA53 /* CoreData.framework */; };
		D93F8826182A5F3C009CBA53 /* CoreLocation.framework in Frameworks */ = {isa = PBXBuildFile; fileRef = D93F8825182A5F3C009CBA53 /* CoreLocation.framework */; };
		D93F8828182A5F45009CBA53 /* CoreText.framework in Frameworks */ = {isa = PBXBuildFile; fileRef = D93F8827182A5F45009CBA53 /* CoreText.framework */; };
		D93F882A182A5F4B009CBA53 /* GLKit.framework in Frameworks */ = {isa = PBXBuildFile; fileRef = D93F8829182A5F4B009CBA53 /* GLKit.framework */; };
		D93F882C182A5F52009CBA53 /* ImageIO.framework in Frameworks */ = {isa = PBXBuildFile; fileRef = D93F882B182A5F52009CBA53 /* ImageIO.framework */; };
		D93F882E182A5F58009CBA53 /* libc++.dylib in Frameworks */ = {isa = PBXBuildFile; fileRef = D93F882D182A5F58009CBA53 /* libc++.dylib */; };
		D93F8830182A5F5F009CBA53 /* libicucore.dylib in Frameworks */ = {isa = PBXBuildFile; fileRef = D93F882F182A5F5F009CBA53 /* libicucore.dylib */; };
		D93F8832182A5F66009CBA53 /* libz.dylib in Frameworks */ = {isa = PBXBuildFile; fileRef = D93F8831182A5F66009CBA53 /* libz.dylib */; };
		D93F8834182A5F6C009CBA53 /* OpenGLES.framework in Frameworks */ = {isa = PBXBuildFile; fileRef = D93F8833182A5F6C009CBA53 /* OpenGLES.framework */; };
		D93F8836182A5F74009CBA53 /* QuartzCore.framework in Frameworks */ = {isa = PBXBuildFile; fileRef = D93F8835182A5F74009CBA53 /* QuartzCore.framework */; };
		D93F8838182A5F7A009CBA53 /* SystemConfiguration.framework in Frameworks */ = {isa = PBXBuildFile; fileRef = D93F8837182A5F7A009CBA53 /* SystemConfiguration.framework */; };
		D93F883A182A61AA009CBA53 /* GoogleMaps.bundle in Resources */ = {isa = PBXBuildFile; fileRef = D93F8839182A61AA009CBA53 /* GoogleMaps.bundle */; };
		D95AD4F6182A476400832137 /* Foundation.framework in Frameworks */ = {isa = PBXBuildFile; fileRef = D95AD4F5182A476400832137 /* Foundation.framework */; };
		D95AD4F8182A476400832137 /* CoreGraphics.framework in Frameworks */ = {isa = PBXBuildFile; fileRef = D95AD4F7182A476400832137 /* CoreGraphics.framework */; };
		D95AD4FA182A476400832137 /* UIKit.framework in Frameworks */ = {isa = PBXBuildFile; fileRef = D95AD4F9182A476400832137 /* UIKit.framework */; };
		D95AD500182A476400832137 /* InfoPlist.strings in Resources */ = {isa = PBXBuildFile; fileRef = D95AD4FE182A476400832137 /* InfoPlist.strings */; };
		D95AD502182A476400832137 /* main.m in Sources */ = {isa = PBXBuildFile; fileRef = D95AD501182A476400832137 /* main.m */; };
		D95AD506182A476400832137 /* IDAppDelegate.m in Sources */ = {isa = PBXBuildFile; fileRef = D95AD505182A476400832137 /* IDAppDelegate.m */; };
		D95AD50E182A476400832137 /* Images.xcassets in Resources */ = {isa = PBXBuildFile; fileRef = D95AD50D182A476400832137 /* Images.xcassets */; };
		D95AD515182A476400832137 /* XCTest.framework in Frameworks */ = {isa = PBXBuildFile; fileRef = D95AD514182A476400832137 /* XCTest.framework */; };
		D95AD516182A476400832137 /* Foundation.framework in Frameworks */ = {isa = PBXBuildFile; fileRef = D95AD4F5182A476400832137 /* Foundation.framework */; };
		D95AD517182A476400832137 /* UIKit.framework in Frameworks */ = {isa = PBXBuildFile; fileRef = D95AD4F9182A476400832137 /* UIKit.framework */; };
		D95AD51F182A476400832137 /* InfoPlist.strings in Resources */ = {isa = PBXBuildFile; fileRef = D95AD51D182A476400832137 /* InfoPlist.strings */; };
		D95AD521182A476400832137 /* InstacabDriverTests.m in Sources */ = {isa = PBXBuildFile; fileRef = D95AD520182A476400832137 /* InstacabDriverTests.m */; };
		D95AD52D182A47D700832137 /* IDTripViewController.m in Sources */ = {isa = PBXBuildFile; fileRef = D95AD52B182A47D700832137 /* IDTripViewController.m */; };
		D95AD52E182A47D700832137 /* IDTripViewController.xib in Resources */ = {isa = PBXBuildFile; fileRef = D95AD52C182A47D700832137 /* IDTripViewController.xib */; };
		D973E59D182A5AD900963F18 /* SVClient.m in Sources */ = {isa = PBXBuildFile; fileRef = D973E582182A5AD900963F18 /* SVClient.m */; };
		D973E59E182A5AD900963F18 /* SVDispatchServer.m in Sources */ = {isa = PBXBuildFile; fileRef = D973E584182A5AD900963F18 /* SVDispatchServer.m */; };
		D973E59F182A5AD900963F18 /* SVDriver.m in Sources */ = {isa = PBXBuildFile; fileRef = D973E586182A5AD900963F18 /* SVDriver.m */; };
		D973E5A0182A5AD900963F18 /* SVGoogleService.m in Sources */ = {isa = PBXBuildFile; fileRef = D973E588182A5AD900963F18 /* SVGoogleService.m */; };
		D973E5A1182A5AD900963F18 /* SVLocation.m in Sources */ = {isa = PBXBuildFile; fileRef = D973E58A182A5AD900963F18 /* SVLocation.m */; };
		D973E5A2182A5AD900963F18 /* SVMessage.m in Sources */ = {isa = PBXBuildFile; fileRef = D973E58C182A5AD900963F18 /* SVMessage.m */; };
		D973E5A3182A5AD900963F18 /* SVMessageService.m in Sources */ = {isa = PBXBuildFile; fileRef = D973E58E182A5AD900963F18 /* SVMessageService.m */; };
		D973E5A4182A5AD900963F18 /* SVNearbyVehicles.m in Sources */ = {isa = PBXBuildFile; fileRef = D973E590182A5AD900963F18 /* SVNearbyVehicles.m */; };
		D973E5A5182A5AD900963F18 /* SVPerson.m in Sources */ = {isa = PBXBuildFile; fileRef = D973E592182A5AD900963F18 /* SVPerson.m */; };
		D973E5A6182A5AD900963F18 /* SVSingleton.m in Sources */ = {isa = PBXBuildFile; fileRef = D973E594182A5AD900963F18 /* SVSingleton.m */; };
		D973E5A7182A5AD900963F18 /* SVTrip.m in Sources */ = {isa = PBXBuildFile; fileRef = D973E596182A5AD900963F18 /* SVTrip.m */; };
		D973E5A8182A5AD900963F18 /* SVUserLocation.m in Sources */ = {isa = PBXBuildFile; fileRef = D973E598182A5AD900963F18 /* SVUserLocation.m */; };
		D973E5A9182A5AD900963F18 /* SVVehicle.m in Sources */ = {isa = PBXBuildFile; fileRef = D973E59A182A5AD900963F18 /* SVVehicle.m */; };
		D973E5AA182A5AD900963F18 /* SVVehiclePoint.m in Sources */ = {isa = PBXBuildFile; fileRef = D973E59C182A5AD900963F18 /* SVVehiclePoint.m */; };
/* End PBXBuildFile section */

/* Begin PBXContainerItemProxy section */
		D95AD518182A476400832137 /* PBXContainerItemProxy */ = {
			isa = PBXContainerItemProxy;
			containerPortal = D95AD4EA182A476400832137 /* Project object */;
			proxyType = 1;
			remoteGlobalIDString = D95AD4F1182A476400832137;
			remoteInfo = InstacabDriver;
		};
/* End PBXContainerItemProxy section */

/* Begin PBXFileReference section */
		556CB6EE4DFB44BA8C0EB437 /* libPods-InstacabDriver.a */ = {isa = PBXFileReference; explicitFileType = archive.ar; includeInIndex = 0; path = "libPods-InstacabDriver.a"; sourceTree = BUILT_PRODUCTS_DIR; };
		6F89A66FFA7940048CC69401 /* Pods-InstacabDriver.xcconfig */ = {isa = PBXFileReference; includeInIndex = 1; lastKnownFileType = text.xcconfig; name = "Pods-InstacabDriver.xcconfig"; path = "../Pods/Pods-InstacabDriver.xcconfig"; sourceTree = "<group>"; };
		D93F881F182A5EEC009CBA53 /* GoogleMaps.framework */ = {isa = PBXFileReference; lastKnownFileType = wrapper.framework; name = GoogleMaps.framework; path = ../GoogleMaps.framework; sourceTree = "<group>"; };
		D93F8821182A5F1F009CBA53 /* AVFoundation.framework */ = {isa = PBXFileReference; lastKnownFileType = wrapper.framework; name = AVFoundation.framework; path = System/Library/Frameworks/AVFoundation.framework; sourceTree = SDKROOT; };
		D93F8823182A5F35009CBA53 /* CoreData.framework */ = {isa = PBXFileReference; lastKnownFileType = wrapper.framework; name = CoreData.framework; path = System/Library/Frameworks/CoreData.framework; sourceTree = SDKROOT; };
		D93F8825182A5F3C009CBA53 /* CoreLocation.framework */ = {isa = PBXFileReference; lastKnownFileType = wrapper.framework; name = CoreLocation.framework; path = System/Library/Frameworks/CoreLocation.framework; sourceTree = SDKROOT; };
		D93F8827182A5F45009CBA53 /* CoreText.framework */ = {isa = PBXFileReference; lastKnownFileType = wrapper.framework; name = CoreText.framework; path = System/Library/Frameworks/CoreText.framework; sourceTree = SDKROOT; };
		D93F8829182A5F4B009CBA53 /* GLKit.framework */ = {isa = PBXFileReference; lastKnownFileType = wrapper.framework; name = GLKit.framework; path = System/Library/Frameworks/GLKit.framework; sourceTree = SDKROOT; };
		D93F882B182A5F52009CBA53 /* ImageIO.framework */ = {isa = PBXFileReference; lastKnownFileType = wrapper.framework; name = ImageIO.framework; path = System/Library/Frameworks/ImageIO.framework; sourceTree = SDKROOT; };
		D93F882D182A5F58009CBA53 /* libc++.dylib */ = {isa = PBXFileReference; lastKnownFileType = "compiled.mach-o.dylib"; name = "libc++.dylib"; path = "usr/lib/libc++.dylib"; sourceTree = SDKROOT; };
		D93F882F182A5F5F009CBA53 /* libicucore.dylib */ = {isa = PBXFileReference; lastKnownFileType = "compiled.mach-o.dylib"; name = libicucore.dylib; path = usr/lib/libicucore.dylib; sourceTree = SDKROOT; };
		D93F8831182A5F66009CBA53 /* libz.dylib */ = {isa = PBXFileReference; lastKnownFileType = "compiled.mach-o.dylib"; name = libz.dylib; path = usr/lib/libz.dylib; sourceTree = SDKROOT; };
		D93F8833182A5F6C009CBA53 /* OpenGLES.framework */ = {isa = PBXFileReference; lastKnownFileType = wrapper.framework; name = OpenGLES.framework; path = System/Library/Frameworks/OpenGLES.framework; sourceTree = SDKROOT; };
		D93F8835182A5F74009CBA53 /* QuartzCore.framework */ = {isa = PBXFileReference; lastKnownFileType = wrapper.framework; name = QuartzCore.framework; path = System/Library/Frameworks/QuartzCore.framework; sourceTree = SDKROOT; };
		D93F8837182A5F7A009CBA53 /* SystemConfiguration.framework */ = {isa = PBXFileReference; lastKnownFileType = wrapper.framework; name = SystemConfiguration.framework; path = System/Library/Frameworks/SystemConfiguration.framework; sourceTree = SDKROOT; };
		D93F8839182A61AA009CBA53 /* GoogleMaps.bundle */ = {isa = PBXFileReference; lastKnownFileType = "wrapper.plug-in"; name = GoogleMaps.bundle; path = ../GoogleMaps.framework/Versions/A/Resources/GoogleMaps.bundle; sourceTree = "<group>"; };
		D95AD4F2182A476400832137 /* InstacabDriver.app */ = {isa = PBXFileReference; explicitFileType = wrapper.application; includeInIndex = 0; path = InstacabDriver.app; sourceTree = BUILT_PRODUCTS_DIR; };
		D95AD4F5182A476400832137 /* Foundation.framework */ = {isa = PBXFileReference; lastKnownFileType = wrapper.framework; name = Foundation.framework; path = System/Library/Frameworks/Foundation.framework; sourceTree = SDKROOT; };
		D95AD4F7182A476400832137 /* CoreGraphics.framework */ = {isa = PBXFileReference; lastKnownFileType = wrapper.framework; name = CoreGraphics.framework; path = System/Library/Frameworks/CoreGraphics.framework; sourceTree = SDKROOT; };
		D95AD4F9182A476400832137 /* UIKit.framework */ = {isa = PBXFileReference; lastKnownFileType = wrapper.framework; name = UIKit.framework; path = System/Library/Frameworks/UIKit.framework; sourceTree = SDKROOT; };
		D95AD4FD182A476400832137 /* InstacabDriver-Info.plist */ = {isa = PBXFileReference; lastKnownFileType = text.plist.xml; path = "InstacabDriver-Info.plist"; sourceTree = "<group>"; };
		D95AD4FF182A476400832137 /* en */ = {isa = PBXFileReference; lastKnownFileType = text.plist.strings; name = en; path = en.lproj/InfoPlist.strings; sourceTree = "<group>"; };
		D95AD501182A476400832137 /* main.m */ = {isa = PBXFileReference; lastKnownFileType = sourcecode.c.objc; path = main.m; sourceTree = "<group>"; };
		D95AD503182A476400832137 /* InstacabDriver-Prefix.pch */ = {isa = PBXFileReference; lastKnownFileType = sourcecode.c.h; path = "InstacabDriver-Prefix.pch"; sourceTree = "<group>"; };
		D95AD504182A476400832137 /* IDAppDelegate.h */ = {isa = PBXFileReference; lastKnownFileType = sourcecode.c.h; path = IDAppDelegate.h; sourceTree = "<group>"; };
		D95AD505182A476400832137 /* IDAppDelegate.m */ = {isa = PBXFileReference; lastKnownFileType = sourcecode.c.objc; path = IDAppDelegate.m; sourceTree = "<group>"; };
		D95AD50D182A476400832137 /* Images.xcassets */ = {isa = PBXFileReference; lastKnownFileType = folder.assetcatalog; path = Images.xcassets; sourceTree = "<group>"; };
		D95AD513182A476400832137 /* InstacabDriverTests.xctest */ = {isa = PBXFileReference; explicitFileType = wrapper.cfbundle; includeInIndex = 0; path = InstacabDriverTests.xctest; sourceTree = BUILT_PRODUCTS_DIR; };
		D95AD514182A476400832137 /* XCTest.framework */ = {isa = PBXFileReference; lastKnownFileType = wrapper.framework; name = XCTest.framework; path = Library/Frameworks/XCTest.framework; sourceTree = DEVELOPER_DIR; };
		D95AD51C182A476400832137 /* InstacabDriverTests-Info.plist */ = {isa = PBXFileReference; lastKnownFileType = text.plist.xml; path = "InstacabDriverTests-Info.plist"; sourceTree = "<group>"; };
		D95AD51E182A476400832137 /* en */ = {isa = PBXFileReference; lastKnownFileType = text.plist.strings; name = en; path = en.lproj/InfoPlist.strings; sourceTree = "<group>"; };
		D95AD520182A476400832137 /* InstacabDriverTests.m */ = {isa = PBXFileReference; lastKnownFileType = sourcecode.c.objc; path = InstacabDriverTests.m; sourceTree = "<group>"; };
		D95AD52A182A47D700832137 /* IDTripViewController.h */ = {isa = PBXFileReference; fileEncoding = 4; lastKnownFileType = sourcecode.c.h; path = IDTripViewController.h; sourceTree = "<group>"; };
		D95AD52B182A47D700832137 /* IDTripViewController.m */ = {isa = PBXFileReference; fileEncoding = 4; lastKnownFileType = sourcecode.c.objc; path = IDTripViewController.m; sourceTree = "<group>"; };
		D95AD52C182A47D700832137 /* IDTripViewController.xib */ = {isa = PBXFileReference; fileEncoding = 4; lastKnownFileType = file.xib; path = IDTripViewController.xib; sourceTree = "<group>"; };
		D973E581182A5AD900963F18 /* SVClient.h */ = {isa = PBXFileReference; fileEncoding = 4; lastKnownFileType = sourcecode.c.h; name = SVClient.h; path = ../Instacab/SVClient.h; sourceTree = "<group>"; };
		D973E582182A5AD900963F18 /* SVClient.m */ = {isa = PBXFileReference; fileEncoding = 4; lastKnownFileType = sourcecode.c.objc; name = SVClient.m; path = ../Instacab/SVClient.m; sourceTree = "<group>"; };
		D973E583182A5AD900963F18 /* SVDispatchServer.h */ = {isa = PBXFileReference; fileEncoding = 4; lastKnownFileType = sourcecode.c.h; name = SVDispatchServer.h; path = ../Instacab/SVDispatchServer.h; sourceTree = "<group>"; };
		D973E584182A5AD900963F18 /* SVDispatchServer.m */ = {isa = PBXFileReference; fileEncoding = 4; lastKnownFileType = sourcecode.c.objc; name = SVDispatchServer.m; path = ../Instacab/SVDispatchServer.m; sourceTree = "<group>"; };
		D973E585182A5AD900963F18 /* SVDriver.h */ = {isa = PBXFileReference; fileEncoding = 4; lastKnownFileType = sourcecode.c.h; name = SVDriver.h; path = ../Instacab/SVDriver.h; sourceTree = "<group>"; };
		D973E586182A5AD900963F18 /* SVDriver.m */ = {isa = PBXFileReference; fileEncoding = 4; lastKnownFileType = sourcecode.c.objc; name = SVDriver.m; path = ../Instacab/SVDriver.m; sourceTree = "<group>"; };
		D973E587182A5AD900963F18 /* SVGoogleService.h */ = {isa = PBXFileReference; fileEncoding = 4; lastKnownFileType = sourcecode.c.h; name = SVGoogleService.h; path = ../Instacab/SVGoogleService.h; sourceTree = "<group>"; };
		D973E588182A5AD900963F18 /* SVGoogleService.m */ = {isa = PBXFileReference; fileEncoding = 4; lastKnownFileType = sourcecode.c.objc; name = SVGoogleService.m; path = ../Instacab/SVGoogleService.m; sourceTree = "<group>"; };
		D973E589182A5AD900963F18 /* SVLocation.h */ = {isa = PBXFileReference; fileEncoding = 4; lastKnownFileType = sourcecode.c.h; name = SVLocation.h; path = ../Instacab/SVLocation.h; sourceTree = "<group>"; };
		D973E58A182A5AD900963F18 /* SVLocation.m */ = {isa = PBXFileReference; fileEncoding = 4; lastKnownFileType = sourcecode.c.objc; name = SVLocation.m; path = ../Instacab/SVLocation.m; sourceTree = "<group>"; };
		D973E58B182A5AD900963F18 /* SVMessage.h */ = {isa = PBXFileReference; fileEncoding = 4; lastKnownFileType = sourcecode.c.h; name = SVMessage.h; path = ../Instacab/SVMessage.h; sourceTree = "<group>"; };
		D973E58C182A5AD900963F18 /* SVMessage.m */ = {isa = PBXFileReference; fileEncoding = 4; lastKnownFileType = sourcecode.c.objc; name = SVMessage.m; path = ../Instacab/SVMessage.m; sourceTree = "<group>"; };
		D973E58D182A5AD900963F18 /* SVMessageService.h */ = {isa = PBXFileReference; fileEncoding = 4; lastKnownFileType = sourcecode.c.h; name = SVMessageService.h; path = ../Instacab/SVMessageService.h; sourceTree = "<group>"; };
		D973E58E182A5AD900963F18 /* SVMessageService.m */ = {isa = PBXFileReference; fileEncoding = 4; lastKnownFileType = sourcecode.c.objc; name = SVMessageService.m; path = ../Instacab/SVMessageService.m; sourceTree = "<group>"; };
		D973E58F182A5AD900963F18 /* SVNearbyVehicles.h */ = {isa = PBXFileReference; fileEncoding = 4; lastKnownFileType = sourcecode.c.h; name = SVNearbyVehicles.h; path = ../Instacab/SVNearbyVehicles.h; sourceTree = "<group>"; };
		D973E590182A5AD900963F18 /* SVNearbyVehicles.m */ = {isa = PBXFileReference; fileEncoding = 4; lastKnownFileType = sourcecode.c.objc; name = SVNearbyVehicles.m; path = ../Instacab/SVNearbyVehicles.m; sourceTree = "<group>"; };
		D973E591182A5AD900963F18 /* SVPerson.h */ = {isa = PBXFileReference; fileEncoding = 4; lastKnownFileType = sourcecode.c.h; name = SVPerson.h; path = ../Instacab/SVPerson.h; sourceTree = "<group>"; };
		D973E592182A5AD900963F18 /* SVPerson.m */ = {isa = PBXFileReference; fileEncoding = 4; lastKnownFileType = sourcecode.c.objc; name = SVPerson.m; path = ../Instacab/SVPerson.m; sourceTree = "<group>"; };
		D973E593182A5AD900963F18 /* SVSingleton.h */ = {isa = PBXFileReference; fileEncoding = 4; lastKnownFileType = sourcecode.c.h; name = SVSingleton.h; path = ../Instacab/SVSingleton.h; sourceTree = "<group>"; };
		D973E594182A5AD900963F18 /* SVSingleton.m */ = {isa = PBXFileReference; fileEncoding = 4; lastKnownFileType = sourcecode.c.objc; name = SVSingleton.m; path = ../Instacab/SVSingleton.m; sourceTree = "<group>"; };
		D973E595182A5AD900963F18 /* SVTrip.h */ = {isa = PBXFileReference; fileEncoding = 4; lastKnownFileType = sourcecode.c.h; name = SVTrip.h; path = ../Instacab/SVTrip.h; sourceTree = "<group>"; };
		D973E596182A5AD900963F18 /* SVTrip.m */ = {isa = PBXFileReference; fileEncoding = 4; lastKnownFileType = sourcecode.c.objc; name = SVTrip.m; path = ../Instacab/SVTrip.m; sourceTree = "<group>"; };
		D973E597182A5AD900963F18 /* SVUserLocation.h */ = {isa = PBXFileReference; fileEncoding = 4; lastKnownFileType = sourcecode.c.h; name = SVUserLocation.h; path = ../Instacab/SVUserLocation.h; sourceTree = "<group>"; };
		D973E598182A5AD900963F18 /* SVUserLocation.m */ = {isa = PBXFileReference; fileEncoding = 4; lastKnownFileType = sourcecode.c.objc; name = SVUserLocation.m; path = ../Instacab/SVUserLocation.m; sourceTree = "<group>"; };
		D973E599182A5AD900963F18 /* SVVehicle.h */ = {isa = PBXFileReference; fileEncoding = 4; lastKnownFileType = sourcecode.c.h; name = SVVehicle.h; path = ../Instacab/SVVehicle.h; sourceTree = "<group>"; };
		D973E59A182A5AD900963F18 /* SVVehicle.m */ = {isa = PBXFileReference; fileEncoding = 4; lastKnownFileType = sourcecode.c.objc; name = SVVehicle.m; path = ../Instacab/SVVehicle.m; sourceTree = "<group>"; };
		D973E59B182A5AD900963F18 /* SVVehiclePoint.h */ = {isa = PBXFileReference; fileEncoding = 4; lastKnownFileType = sourcecode.c.h; name = SVVehiclePoint.h; path = ../Instacab/SVVehiclePoint.h; sourceTree = "<group>"; };
		D973E59C182A5AD900963F18 /* SVVehiclePoint.m */ = {isa = PBXFileReference; fileEncoding = 4; lastKnownFileType = sourcecode.c.objc; name = SVVehiclePoint.m; path = ../Instacab/SVVehiclePoint.m; sourceTree = "<group>"; };
/* End PBXFileReference section */

/* Begin PBXFrameworksBuildPhase section */
		D95AD4EF182A476400832137 /* Frameworks */ = {
			isa = PBXFrameworksBuildPhase;
			buildActionMask = 2147483647;
			files = (
				D93F8838182A5F7A009CBA53 /* SystemConfiguration.framework in Frameworks */,
				D93F8836182A5F74009CBA53 /* QuartzCore.framework in Frameworks */,
				D93F8834182A5F6C009CBA53 /* OpenGLES.framework in Frameworks */,
				D93F8832182A5F66009CBA53 /* libz.dylib in Frameworks */,
				D93F8830182A5F5F009CBA53 /* libicucore.dylib in Frameworks */,
				D93F882E182A5F58009CBA53 /* libc++.dylib in Frameworks */,
				D93F882C182A5F52009CBA53 /* ImageIO.framework in Frameworks */,
				D93F882A182A5F4B009CBA53 /* GLKit.framework in Frameworks */,
				D93F8828182A5F45009CBA53 /* CoreText.framework in Frameworks */,
				D93F8826182A5F3C009CBA53 /* CoreLocation.framework in Frameworks */,
				D93F8824182A5F35009CBA53 /* CoreData.framework in Frameworks */,
				D93F8822182A5F1F009CBA53 /* AVFoundation.framework in Frameworks */,
				D95AD4F8182A476400832137 /* CoreGraphics.framework in Frameworks */,
				D95AD4FA182A476400832137 /* UIKit.framework in Frameworks */,
				D95AD4F6182A476400832137 /* Foundation.framework in Frameworks */,
				D93F8820182A5EEC009CBA53 /* GoogleMaps.framework in Frameworks */,
				72FB6EED4F024D58B2CBD5E8 /* libPods-InstacabDriver.a in Frameworks */,
			);
			runOnlyForDeploymentPostprocessing = 0;
		};
		D95AD510182A476400832137 /* Frameworks */ = {
			isa = PBXFrameworksBuildPhase;
			buildActionMask = 2147483647;
			files = (
				D95AD515182A476400832137 /* XCTest.framework in Frameworks */,
				D95AD517182A476400832137 /* UIKit.framework in Frameworks */,
				D95AD516182A476400832137 /* Foundation.framework in Frameworks */,
			);
			runOnlyForDeploymentPostprocessing = 0;
		};
/* End PBXFrameworksBuildPhase section */

/* Begin PBXGroup section */
		D95AD4E9182A476400832137 = {
			isa = PBXGroup;
			children = (
				D95AD4FB182A476400832137 /* InstacabDriver */,
				D95AD51A182A476400832137 /* InstacabDriverTests */,
				D95AD4F4182A476400832137 /* Frameworks */,
				D95AD4F3182A476400832137 /* Products */,
				6F89A66FFA7940048CC69401 /* Pods-InstacabDriver.xcconfig */,
			);
			sourceTree = "<group>";
		};
		D95AD4F3182A476400832137 /* Products */ = {
			isa = PBXGroup;
			children = (
				D95AD4F2182A476400832137 /* InstacabDriver.app */,
				D95AD513182A476400832137 /* InstacabDriverTests.xctest */,
			);
			name = Products;
			sourceTree = "<group>";
		};
		D95AD4F4182A476400832137 /* Frameworks */ = {
			isa = PBXGroup;
			children = (
				D93F8839182A61AA009CBA53 /* GoogleMaps.bundle */,
				D93F8837182A5F7A009CBA53 /* SystemConfiguration.framework */,
				D93F8835182A5F74009CBA53 /* QuartzCore.framework */,
				D93F8833182A5F6C009CBA53 /* OpenGLES.framework */,
				D93F8831182A5F66009CBA53 /* libz.dylib */,
				D93F882F182A5F5F009CBA53 /* libicucore.dylib */,
				D93F882D182A5F58009CBA53 /* libc++.dylib */,
				D93F882B182A5F52009CBA53 /* ImageIO.framework */,
				D93F8829182A5F4B009CBA53 /* GLKit.framework */,
				D93F8827182A5F45009CBA53 /* CoreText.framework */,
				D93F8825182A5F3C009CBA53 /* CoreLocation.framework */,
				D93F8823182A5F35009CBA53 /* CoreData.framework */,
				D93F8821182A5F1F009CBA53 /* AVFoundation.framework */,
				D93F881F182A5EEC009CBA53 /* GoogleMaps.framework */,
				D95AD4F5182A476400832137 /* Foundation.framework */,
				D95AD4F7182A476400832137 /* CoreGraphics.framework */,
				D95AD4F9182A476400832137 /* UIKit.framework */,
				D95AD514182A476400832137 /* XCTest.framework */,
				556CB6EE4DFB44BA8C0EB437 /* libPods-InstacabDriver.a */,
			);
			name = Frameworks;
			sourceTree = "<group>";
		};
		D95AD4FB182A476400832137 /* InstacabDriver */ = {
			isa = PBXGroup;
			children = (
				D973E5AB182A5AF300963F18 /* Models */,
				D973E5AC182A5AFF00963F18 /* Services */,
				D95AD52B182A47D700832137 /* IDTripViewController.m */,
				D95AD52A182A47D700832137 /* IDTripViewController.h */,
				D95AD52C182A47D700832137 /* IDTripViewController.xib */,
				D95AD504182A476400832137 /* IDAppDelegate.h */,
				D95AD505182A476400832137 /* IDAppDelegate.m */,
				D95AD4FC182A476400832137 /* Supporting Files */,
				D95AD50D182A476400832137 /* Images.xcassets */,
			);
			path = InstacabDriver;
			sourceTree = "<group>";
		};
		D95AD4FC182A476400832137 /* Supporting Files */ = {
			isa = PBXGroup;
			children = (
				D95AD4FD182A476400832137 /* InstacabDriver-Info.plist */,
				D95AD4FE182A476400832137 /* InfoPlist.strings */,
				D95AD501182A476400832137 /* main.m */,
				D95AD503182A476400832137 /* InstacabDriver-Prefix.pch */,
			);
			name = "Supporting Files";
			sourceTree = "<group>";
		};
		D95AD51A182A476400832137 /* InstacabDriverTests */ = {
			isa = PBXGroup;
			children = (
				D95AD520182A476400832137 /* InstacabDriverTests.m */,
				D95AD51B182A476400832137 /* Supporting Files */,
			);
			path = InstacabDriverTests;
			sourceTree = "<group>";
		};
		D95AD51B182A476400832137 /* Supporting Files */ = {
			isa = PBXGroup;
			children = (
				D95AD51C182A476400832137 /* InstacabDriverTests-Info.plist */,
				D95AD51D182A476400832137 /* InfoPlist.strings */,
			);
			name = "Supporting Files";
			sourceTree = "<group>";
		};
		D973E5AB182A5AF300963F18 /* Models */ = {
			isa = PBXGroup;
			children = (
				D973E581182A5AD900963F18 /* SVClient.h */,
				D973E582182A5AD900963F18 /* SVClient.m */,
				D973E585182A5AD900963F18 /* SVDriver.h */,
				D973E586182A5AD900963F18 /* SVDriver.m */,
				D973E589182A5AD900963F18 /* SVLocation.h */,
				D973E58A182A5AD900963F18 /* SVLocation.m */,
				D973E58B182A5AD900963F18 /* SVMessage.h */,
				D973E58C182A5AD900963F18 /* SVMessage.m */,
				D973E58F182A5AD900963F18 /* SVNearbyVehicles.h */,
				D973E590182A5AD900963F18 /* SVNearbyVehicles.m */,
				D973E591182A5AD900963F18 /* SVPerson.h */,
				D973E592182A5AD900963F18 /* SVPerson.m */,
				D973E595182A5AD900963F18 /* SVTrip.h */,
				D973E596182A5AD900963F18 /* SVTrip.m */,
				D973E599182A5AD900963F18 /* SVVehicle.h */,
				D973E59A182A5AD900963F18 /* SVVehicle.m */,
				D973E59B182A5AD900963F18 /* SVVehiclePoint.h */,
				D973E59C182A5AD900963F18 /* SVVehiclePoint.m */,
			);
			name = Models;
			path = ..;
			sourceTree = "<group>";
		};
		D973E5AC182A5AFF00963F18 /* Services */ = {
			isa = PBXGroup;
			children = (
				D973E583182A5AD900963F18 /* SVDispatchServer.h */,
				D973E584182A5AD900963F18 /* SVDispatchServer.m */,
				D973E587182A5AD900963F18 /* SVGoogleService.h */,
				D973E588182A5AD900963F18 /* SVGoogleService.m */,
				D973E58D182A5AD900963F18 /* SVMessageService.h */,
				D973E58E182A5AD900963F18 /* SVMessageService.m */,
				D973E593182A5AD900963F18 /* SVSingleton.h */,
				D973E594182A5AD900963F18 /* SVSingleton.m */,
				D973E597182A5AD900963F18 /* SVUserLocation.h */,
				D973E598182A5AD900963F18 /* SVUserLocation.m */,
			);
			name = Services;
			path = ..;
			sourceTree = "<group>";
		};
/* End PBXGroup section */

/* Begin PBXNativeTarget section */
		D95AD4F1182A476400832137 /* InstacabDriver */ = {
			isa = PBXNativeTarget;
			buildConfigurationList = D95AD524182A476400832137 /* Build configuration list for PBXNativeTarget "InstacabDriver" */;
			buildPhases = (
				6A7D52735C7143C4B220E092 /* Check Pods Manifest.lock */,
				D95AD4EE182A476400832137 /* Sources */,
				D95AD4EF182A476400832137 /* Frameworks */,
				D95AD4F0182A476400832137 /* Resources */,
				68F1C438FF6E4396AADF04D5 /* Copy Pods Resources */,
			);
			buildRules = (
			);
			dependencies = (
			);
			name = InstacabDriver;
			productName = InstacabDriver;
			productReference = D95AD4F2182A476400832137 /* InstacabDriver.app */;
			productType = "com.apple.product-type.application";
		};
		D95AD512182A476400832137 /* InstacabDriverTests */ = {
			isa = PBXNativeTarget;
			buildConfigurationList = D95AD527182A476400832137 /* Build configuration list for PBXNativeTarget "InstacabDriverTests" */;
			buildPhases = (
				D95AD50F182A476400832137 /* Sources */,
				D95AD510182A476400832137 /* Frameworks */,
				D95AD511182A476400832137 /* Resources */,
			);
			buildRules = (
			);
			dependencies = (
				D95AD519182A476400832137 /* PBXTargetDependency */,
			);
			name = InstacabDriverTests;
			productName = InstacabDriverTests;
			productReference = D95AD513182A476400832137 /* InstacabDriverTests.xctest */;
			productType = "com.apple.product-type.bundle.unit-test";
		};
/* End PBXNativeTarget section */

/* Begin PBXProject section */
		D95AD4EA182A476400832137 /* Project object */ = {
			isa = PBXProject;
			attributes = {
				CLASSPREFIX = ID;
				LastUpgradeCheck = 0500;
				ORGANIZATIONNAME = "Bright Stripe";
				TargetAttributes = {
					D95AD512182A476400832137 = {
						TestTargetID = D95AD4F1182A476400832137;
					};
				};
			};
			buildConfigurationList = D95AD4ED182A476400832137 /* Build configuration list for PBXProject "InstacabDriver" */;
			compatibilityVersion = "Xcode 3.2";
			developmentRegion = English;
			hasScannedForEncodings = 0;
			knownRegions = (
				en,
				Base,
			);
			mainGroup = D95AD4E9182A476400832137;
			productRefGroup = D95AD4F3182A476400832137 /* Products */;
			projectDirPath = "";
			projectRoot = "";
			targets = (
				D95AD4F1182A476400832137 /* InstacabDriver */,
				D95AD512182A476400832137 /* InstacabDriverTests */,
			);
		};
/* End PBXProject section */

/* Begin PBXResourcesBuildPhase section */
		D95AD4F0182A476400832137 /* Resources */ = {
			isa = PBXResourcesBuildPhase;
			buildActionMask = 2147483647;
			files = (
				D95AD52E182A47D700832137 /* IDTripViewController.xib in Resources */,
				D95AD50E182A476400832137 /* Images.xcassets in Resources */,
				D95AD500182A476400832137 /* InfoPlist.strings in Resources */,
				D93F883A182A61AA009CBA53 /* GoogleMaps.bundle in Resources */,
			);
			runOnlyForDeploymentPostprocessing = 0;
		};
		D95AD511182A476400832137 /* Resources */ = {
			isa = PBXResourcesBuildPhase;
			buildActionMask = 2147483647;
			files = (
				D95AD51F182A476400832137 /* InfoPlist.strings in Resources */,
			);
			runOnlyForDeploymentPostprocessing = 0;
		};
/* End PBXResourcesBuildPhase section */

/* Begin PBXShellScriptBuildPhase section */
		68F1C438FF6E4396AADF04D5 /* Copy Pods Resources */ = {
			isa = PBXShellScriptBuildPhase;
			buildActionMask = 2147483647;
			files = (
			);
			inputPaths = (
			);
			name = "Copy Pods Resources";
			outputPaths = (
			);
			runOnlyForDeploymentPostprocessing = 0;
			shellPath = /bin/sh;
			shellScript = "\"${SRCROOT}/../Pods/Pods-InstacabDriver-resources.sh\"\n";
			showEnvVarsInLog = 0;
		};
		6A7D52735C7143C4B220E092 /* Check Pods Manifest.lock */ = {
			isa = PBXShellScriptBuildPhase;
			buildActionMask = 2147483647;
			files = (
			);
			inputPaths = (
			);
			name = "Check Pods Manifest.lock";
			outputPaths = (
			);
			runOnlyForDeploymentPostprocessing = 0;
			shellPath = /bin/sh;
			shellScript = "diff \"${PODS_ROOT}/../Podfile.lock\" \"${PODS_ROOT}/Manifest.lock\" > /dev/null\nif [[ $? != 0 ]] ; then\n    cat << EOM\nerror: The sandbox is not in sync with the Podfile.lock. Run 'pod install' or update your CocoaPods installation.\nEOM\n    exit 1\nfi\n";
			showEnvVarsInLog = 0;
		};
/* End PBXShellScriptBuildPhase section */

/* Begin PBXSourcesBuildPhase section */
		D95AD4EE182A476400832137 /* Sources */ = {
			isa = PBXSourcesBuildPhase;
			buildActionMask = 2147483647;
			files = (
				D95AD52D182A47D700832137 /* IDTripViewController.m in Sources */,
				D973E5A8182A5AD900963F18 /* SVUserLocation.m in Sources */,
				D973E5A2182A5AD900963F18 /* SVMessage.m in Sources */,
				D973E5A1182A5AD900963F18 /* SVLocation.m in Sources */,
				D973E5A0182A5AD900963F18 /* SVGoogleService.m in Sources */,
				D973E5A3182A5AD900963F18 /* SVMessageService.m in Sources */,
				D973E59D182A5AD900963F18 /* SVClient.m in Sources */,
				D973E5A4182A5AD900963F18 /* SVNearbyVehicles.m in Sources */,
				D973E5AA182A5AD900963F18 /* SVVehiclePoint.m in Sources */,
				D973E5A7182A5AD900963F18 /* SVTrip.m in Sources */,
				D95AD502182A476400832137 /* main.m in Sources */,
				D973E5A6182A5AD900963F18 /* SVSingleton.m in Sources */,
				D95AD506182A476400832137 /* IDAppDelegate.m in Sources */,
				D973E5A5182A5AD900963F18 /* SVPerson.m in Sources */,
				D973E59F182A5AD900963F18 /* SVDriver.m in Sources */,
				D973E59E182A5AD900963F18 /* SVDispatchServer.m in Sources */,
				D973E5A9182A5AD900963F18 /* SVVehicle.m in Sources */,
			);
			runOnlyForDeploymentPostprocessing = 0;
		};
		D95AD50F182A476400832137 /* Sources */ = {
			isa = PBXSourcesBuildPhase;
			buildActionMask = 2147483647;
			files = (
				D95AD521182A476400832137 /* InstacabDriverTests.m in Sources */,
			);
			runOnlyForDeploymentPostprocessing = 0;
		};
/* End PBXSourcesBuildPhase section */

/* Begin PBXTargetDependency section */
		D95AD519182A476400832137 /* PBXTargetDependency */ = {
			isa = PBXTargetDependency;
			target = D95AD4F1182A476400832137 /* InstacabDriver */;
			targetProxy = D95AD518182A476400832137 /* PBXContainerItemProxy */;
		};
/* End PBXTargetDependency section */

/* Begin PBXVariantGroup section */
		D95AD4FE182A476400832137 /* InfoPlist.strings */ = {
			isa = PBXVariantGroup;
			children = (
				D95AD4FF182A476400832137 /* en */,
			);
			name = InfoPlist.strings;
			sourceTree = "<group>";
		};
		D95AD51D182A476400832137 /* InfoPlist.strings */ = {
			isa = PBXVariantGroup;
			children = (
				D95AD51E182A476400832137 /* en */,
			);
			name = InfoPlist.strings;
			sourceTree = "<group>";
		};
/* End PBXVariantGroup section */

/* Begin XCBuildConfiguration section */
		D95AD522182A476400832137 /* Debug */ = {
			isa = XCBuildConfiguration;
			buildSettings = {
				ALWAYS_SEARCH_USER_PATHS = NO;
				ARCHS = "$(ARCHS_STANDARD_INCLUDING_64_BIT)";
				CLANG_CXX_LANGUAGE_STANDARD = "gnu++0x";
				CLANG_CXX_LIBRARY = "libc++";
				CLANG_ENABLE_MODULES = YES;
				CLANG_ENABLE_OBJC_ARC = YES;
				CLANG_WARN_BOOL_CONVERSION = YES;
				CLANG_WARN_CONSTANT_CONVERSION = YES;
				CLANG_WARN_DIRECT_OBJC_ISA_USAGE = YES_ERROR;
				CLANG_WARN_EMPTY_BODY = YES;
				CLANG_WARN_ENUM_CONVERSION = YES;
				CLANG_WARN_INT_CONVERSION = YES;
				CLANG_WARN_OBJC_ROOT_CLASS = YES_ERROR;
				CLANG_WARN__DUPLICATE_METHOD_MATCH = YES;
				"CODE_SIGN_IDENTITY[sdk=iphoneos*]" = "iPhone Developer";
				COPY_PHASE_STRIP = NO;
				GCC_C_LANGUAGE_STANDARD = gnu99;
				GCC_DYNAMIC_NO_PIC = NO;
				GCC_OPTIMIZATION_LEVEL = 0;
				GCC_PREPROCESSOR_DEFINITIONS = (
					"DEBUG=1",
					"$(inherited)",
				);
				GCC_SYMBOLS_PRIVATE_EXTERN = NO;
				GCC_WARN_64_TO_32_BIT_CONVERSION = YES;
				GCC_WARN_ABOUT_RETURN_TYPE = YES_ERROR;
				GCC_WARN_UNDECLARED_SELECTOR = YES;
				GCC_WARN_UNINITIALIZED_AUTOS = YES;
				GCC_WARN_UNUSED_FUNCTION = YES;
				GCC_WARN_UNUSED_VARIABLE = YES;
				IPHONEOS_DEPLOYMENT_TARGET = 7.0;
				ONLY_ACTIVE_ARCH = YES;
				SDKROOT = iphoneos;
			};
			name = Debug;
		};
		D95AD523182A476400832137 /* Release */ = {
			isa = XCBuildConfiguration;
			buildSettings = {
				ALWAYS_SEARCH_USER_PATHS = NO;
				ARCHS = "$(ARCHS_STANDARD_INCLUDING_64_BIT)";
				CLANG_CXX_LANGUAGE_STANDARD = "gnu++0x";
				CLANG_CXX_LIBRARY = "libc++";
				CLANG_ENABLE_MODULES = YES;
				CLANG_ENABLE_OBJC_ARC = YES;
				CLANG_WARN_BOOL_CONVERSION = YES;
				CLANG_WARN_CONSTANT_CONVERSION = YES;
				CLANG_WARN_DIRECT_OBJC_ISA_USAGE = YES_ERROR;
				CLANG_WARN_EMPTY_BODY = YES;
				CLANG_WARN_ENUM_CONVERSION = YES;
				CLANG_WARN_INT_CONVERSION = YES;
				CLANG_WARN_OBJC_ROOT_CLASS = YES_ERROR;
				CLANG_WARN__DUPLICATE_METHOD_MATCH = YES;
				"CODE_SIGN_IDENTITY[sdk=iphoneos*]" = "iPhone Developer";
				COPY_PHASE_STRIP = YES;
				ENABLE_NS_ASSERTIONS = NO;
				GCC_C_LANGUAGE_STANDARD = gnu99;
				GCC_WARN_64_TO_32_BIT_CONVERSION = YES;
				GCC_WARN_ABOUT_RETURN_TYPE = YES_ERROR;
				GCC_WARN_UNDECLARED_SELECTOR = YES;
				GCC_WARN_UNINITIALIZED_AUTOS = YES;
				GCC_WARN_UNUSED_FUNCTION = YES;
				GCC_WARN_UNUSED_VARIABLE = YES;
				IPHONEOS_DEPLOYMENT_TARGET = 7.0;
				SDKROOT = iphoneos;
				VALIDATE_PRODUCT = YES;
			};
			name = Release;
		};
		D95AD525182A476400832137 /* Debug */ = {
			isa = XCBuildConfiguration;
			baseConfigurationReference = 6F89A66FFA7940048CC69401 /* Pods-InstacabDriver.xcconfig */;
			buildSettings = {
				ASSETCATALOG_COMPILER_APPICON_NAME = AppIcon;
				ASSETCATALOG_COMPILER_LAUNCHIMAGE_NAME = LaunchImage;
				FRAMEWORK_SEARCH_PATHS = (
					"$(inherited)",
					/Users/tisunov/Instacab,
				);
				GCC_PRECOMPILE_PREFIX_HEADER = YES;
				GCC_PREFIX_HEADER = "InstacabDriver/InstacabDriver-Prefix.pch";
				GCC_PREPROCESSOR_DEFINITIONS = "$(inherited)";
				INFOPLIST_FILE = "InstacabDriver/InstacabDriver-Info.plist";
				OTHER_LDFLAGS = (
					"-all_load",
					"-ObjC",
				);
				PRODUCT_NAME = InstacabDriver;
				WRAPPER_EXTENSION = app;
			};
			name = Debug;
		};
		D95AD526182A476400832137 /* Release */ = {
			isa = XCBuildConfiguration;
			baseConfigurationReference = 6F89A66FFA7940048CC69401 /* Pods-InstacabDriver.xcconfig */;
			buildSettings = {
				ASSETCATALOG_COMPILER_APPICON_NAME = AppIcon;
				ASSETCATALOG_COMPILER_LAUNCHIMAGE_NAME = LaunchImage;
				FRAMEWORK_SEARCH_PATHS = (
					"$(inherited)",
					/Users/tisunov/Instacab,
				);
				GCC_PRECOMPILE_PREFIX_HEADER = YES;
				GCC_PREFIX_HEADER = "InstacabDriver/InstacabDriver-Prefix.pch";
				GCC_PREPROCESSOR_DEFINITIONS = "$(inherited)";
				INFOPLIST_FILE = "InstacabDriver/InstacabDriver-Info.plist";
				OTHER_LDFLAGS = (
					"-all_load",
					"-ObjC",
				);
				PRODUCT_NAME = InstacabDriver;
				WRAPPER_EXTENSION = app;
			};
			name = Release;
		};
		D95AD528182A476400832137 /* Debug */ = {
			isa = XCBuildConfiguration;
			buildSettings = {
				ARCHS = "$(ARCHS_STANDARD_INCLUDING_64_BIT)";
				BUNDLE_LOADER = "$(BUILT_PRODUCTS_DIR)/InstacabDriver.app/InstacabDriver";
				FRAMEWORK_SEARCH_PATHS = (
					"$(SDKROOT)/Developer/Library/Frameworks",
					"$(inherited)",
					"$(DEVELOPER_FRAMEWORKS_DIR)",
				);
				GCC_PRECOMPILE_PREFIX_HEADER = YES;
				GCC_PREFIX_HEADER = "InstacabDriver/InstacabDriver-Prefix.pch";
				GCC_PREPROCESSOR_DEFINITIONS = (
					"DEBUG=1",
					"$(inherited)",
				);
				INFOPLIST_FILE = "InstacabDriverTests/InstacabDriverTests-Info.plist";
				PRODUCT_NAME = InstacabDriverTests;
				TEST_HOST = "$(BUNDLE_LOADER)";
				WRAPPER_EXTENSION = xctest;
			};
			name = Debug;
		};
		D95AD529182A476400832137 /* Release */ = {
			isa = XCBuildConfiguration;
			buildSettings = {
				ARCHS = "$(ARCHS_STANDARD_INCLUDING_64_BIT)";
				BUNDLE_LOADER = "$(BUILT_PRODUCTS_DIR)/InstacabDriver.app/InstacabDriver";
				FRAMEWORK_SEARCH_PATHS = (
					"$(SDKROOT)/Developer/Library/Frameworks",
					"$(inherited)",
					"$(DEVELOPER_FRAMEWORKS_DIR)",
				);
				GCC_PRECOMPILE_PREFIX_HEADER = YES;
				GCC_PREFIX_HEADER = "InstacabDriver/InstacabDriver-Prefix.pch";
				INFOPLIST_FILE = "InstacabDriverTests/InstacabDriverTests-Info.plist";
				PRODUCT_NAME = InstacabDriverTests;
				TEST_HOST = "$(BUNDLE_LOADER)";
				WRAPPER_EXTENSION = xctest;
			};
			name = Release;
		};
/* End XCBuildConfiguration section */

/* Begin XCConfigurationList section */
		D95AD4ED182A476400832137 /* Build configuration list for PBXProject "InstacabDriver" */ = {
			isa = XCConfigurationList;
			buildConfigurations = (
				D95AD522182A476400832137 /* Debug */,
				D95AD523182A476400832137 /* Release */,
			);
			defaultConfigurationIsVisible = 0;
			defaultConfigurationName = Release;
		};
		D95AD524182A476400832137 /* Build configuration list for PBXNativeTarget "InstacabDriver" */ = {
			isa = XCConfigurationList;
			buildConfigurations = (
				D95AD525182A476400832137 /* Debug */,
				D95AD526182A476400832137 /* Release */,
			);
			defaultConfigurationIsVisible = 0;
			defaultConfigurationName = Release;
		};
		D95AD527182A476400832137 /* Build configuration list for PBXNativeTarget "InstacabDriverTests" */ = {
			isa = XCConfigurationList;
			buildConfigurations = (
				D95AD528182A476400832137 /* Debug */,
				D95AD529182A476400832137 /* Release */,
			);
			defaultConfigurationIsVisible = 0;
			defaultConfigurationName = Release;
		};
/* End XCConfigurationList section */
	};
	rootObject = D95AD4EA182A476400832137 /* Project object */;
}
