// !$*UTF8*$!
{
	archiveVersion = 1;
	classes = {
	};
	objectVersion = 46;
	objects = {

/* Begin PBXBuildFile section */
		D9B03239180572B400F7AF69 /* Foundation.framework in Frameworks */ = {isa = PBXBuildFile; fileRef = D9B03238180572B400F7AF69 /* Foundation.framework */; };
		D9B0323B180572B400F7AF69 /* CoreGraphics.framework in Frameworks */ = {isa = PBXBuildFile; fileRef = D9B0323A180572B400F7AF69 /* CoreGraphics.framework */; };
		D9B0323D180572B400F7AF69 /* UIKit.framework in Frameworks */ = {isa = PBXBuildFile; fileRef = D9B0323C180572B400F7AF69 /* UIKit.framework */; };
		D9B03243180572B400F7AF69 /* InfoPlist.strings in Resources */ = {isa = PBXBuildFile; fileRef = D9B03241180572B400F7AF69 /* InfoPlist.strings */; };
		D9B03245180572B400F7AF69 /* main.m in Sources */ = {isa = PBXBuildFile; fileRef = D9B03244180572B400F7AF69 /* main.m */; };
		D9B03249180572B400F7AF69 /* AppDelegate.m in Sources */ = {isa = PBXBuildFile; fileRef = D9B03248180572B400F7AF69 /* AppDelegate.m */; };
		D9B0324C180572B400F7AF69 /* Main.storyboard in Resources */ = {isa = PBXBuildFile; fileRef = D9B0324A180572B400F7AF69 /* Main.storyboard */; };
		D9B0324F180572B400F7AF69 /* MasterViewController.m in Sources */ = {isa = PBXBuildFile; fileRef = D9B0324E180572B400F7AF69 /* MasterViewController.m */; };
		D9B03252180572B400F7AF69 /* DetailViewController.m in Sources */ = {isa = PBXBuildFile; fileRef = D9B03251180572B400F7AF69 /* DetailViewController.m */; };
		D9B03254180572B400F7AF69 /* Images.xcassets in Resources */ = {isa = PBXBuildFile; fileRef = D9B03253180572B400F7AF69 /* Images.xcassets */; };
		D9B0325B180572B400F7AF69 /* XCTest.framework in Frameworks */ = {isa = PBXBuildFile; fileRef = D9B0325A180572B400F7AF69 /* XCTest.framework */; };
		D9B0325C180572B400F7AF69 /* Foundation.framework in Frameworks */ = {isa = PBXBuildFile; fileRef = D9B03238180572B400F7AF69 /* Foundation.framework */; };
		D9B0325D180572B400F7AF69 /* UIKit.framework in Frameworks */ = {isa = PBXBuildFile; fileRef = D9B0323C180572B400F7AF69 /* UIKit.framework */; };
		D9B03265180572B400F7AF69 /* InfoPlist.strings in Resources */ = {isa = PBXBuildFile; fileRef = D9B03263180572B400F7AF69 /* InfoPlist.strings */; };
		D9B03267180572B400F7AF69 /* HopperTests.m in Sources */ = {isa = PBXBuildFile; fileRef = D9B03266180572B400F7AF69 /* HopperTests.m */; };
/* End PBXBuildFile section */

/* Begin PBXContainerItemProxy section */
		D9B0325E180572B400F7AF69 /* PBXContainerItemProxy */ = {
			isa = PBXContainerItemProxy;
			containerPortal = D9B0322D180572B400F7AF69 /* Project object */;
			proxyType = 1;
			remoteGlobalIDString = D9B03234180572B400F7AF69;
			remoteInfo = Hopper;
		};
/* End PBXContainerItemProxy section */

/* Begin PBXFileReference section */
		D9B03235180572B400F7AF69 /* Hopper.app */ = {isa = PBXFileReference; explicitFileType = wrapper.application; includeInIndex = 0; path = Hopper.app; sourceTree = BUILT_PRODUCTS_DIR; };
		D9B03238180572B400F7AF69 /* Foundation.framework */ = {isa = PBXFileReference; lastKnownFileType = wrapper.framework; name = Foundation.framework; path = System/Library/Frameworks/Foundation.framework; sourceTree = SDKROOT; };
		D9B0323A180572B400F7AF69 /* CoreGraphics.framework */ = {isa = PBXFileReference; lastKnownFileType = wrapper.framework; name = CoreGraphics.framework; path = System/Library/Frameworks/CoreGraphics.framework; sourceTree = SDKROOT; };
		D9B0323C180572B400F7AF69 /* UIKit.framework */ = {isa = PBXFileReference; lastKnownFileType = wrapper.framework; name = UIKit.framework; path = System/Library/Frameworks/UIKit.framework; sourceTree = SDKROOT; };
		D9B03240180572B400F7AF69 /* Hopper-Info.plist */ = {isa = PBXFileReference; lastKnownFileType = text.plist.xml; path = "Hopper-Info.plist"; sourceTree = "<group>"; };
		D9B03242180572B400F7AF69 /* en */ = {isa = PBXFileReference; lastKnownFileType = text.plist.strings; name = en; path = en.lproj/InfoPlist.strings; sourceTree = "<group>"; };
		D9B03244180572B400F7AF69 /* main.m */ = {isa = PBXFileReference; lastKnownFileType = sourcecode.c.objc; path = main.m; sourceTree = "<group>"; };
		D9B03246180572B400F7AF69 /* Hopper-Prefix.pch */ = {isa = PBXFileReference; lastKnownFileType = sourcecode.c.h; path = "Hopper-Prefix.pch"; sourceTree = "<group>"; };
		D9B03247180572B400F7AF69 /* AppDelegate.h */ = {isa = PBXFileReference; lastKnownFileType = sourcecode.c.h; path = AppDelegate.h; sourceTree = "<group>"; };
		D9B03248180572B400F7AF69 /* AppDelegate.m */ = {isa = PBXFileReference; lastKnownFileType = sourcecode.c.objc; path = AppDelegate.m; sourceTree = "<group>"; };
		D9B0324B180572B400F7AF69 /* Base */ = {isa = PBXFileReference; lastKnownFileType = file.storyboard; name = Base; path = Base.lproj/Main.storyboard; sourceTree = "<group>"; };
		D9B0324D180572B400F7AF69 /* MasterViewController.h */ = {isa = PBXFileReference; lastKnownFileType = sourcecode.c.h; path = MasterViewController.h; sourceTree = "<group>"; };
		D9B0324E180572B400F7AF69 /* MasterViewController.m */ = {isa = PBXFileReference; lastKnownFileType = sourcecode.c.objc; path = MasterViewController.m; sourceTree = "<group>"; };
		D9B03250180572B400F7AF69 /* DetailViewController.h */ = {isa = PBXFileReference; lastKnownFileType = sourcecode.c.h; path = DetailViewController.h; sourceTree = "<group>"; };
		D9B03251180572B400F7AF69 /* DetailViewController.m */ = {isa = PBXFileReference; lastKnownFileType = sourcecode.c.objc; path = DetailViewController.m; sourceTree = "<group>"; };
		D9B03253180572B400F7AF69 /* Images.xcassets */ = {isa = PBXFileReference; lastKnownFileType = folder.assetcatalog; path = Images.xcassets; sourceTree = "<group>"; };
		D9B03259180572B400F7AF69 /* HopperTests.xctest */ = {isa = PBXFileReference; explicitFileType = wrapper.cfbundle; includeInIndex = 0; path = HopperTests.xctest; sourceTree = BUILT_PRODUCTS_DIR; };
		D9B0325A180572B400F7AF69 /* XCTest.framework */ = {isa = PBXFileReference; lastKnownFileType = wrapper.framework; name = XCTest.framework; path = Library/Frameworks/XCTest.framework; sourceTree = DEVELOPER_DIR; };
		D9B03262180572B400F7AF69 /* HopperTests-Info.plist */ = {isa = PBXFileReference; lastKnownFileType = text.plist.xml; path = "HopperTests-Info.plist"; sourceTree = "<group>"; };
		D9B03264180572B400F7AF69 /* en */ = {isa = PBXFileReference; lastKnownFileType = text.plist.strings; name = en; path = en.lproj/InfoPlist.strings; sourceTree = "<group>"; };
		D9B03266180572B400F7AF69 /* HopperTests.m */ = {isa = PBXFileReference; lastKnownFileType = sourcecode.c.objc; path = HopperTests.m; sourceTree = "<group>"; };
/* End PBXFileReference section */

/* Begin PBXFrameworksBuildPhase section */
		D9B03232180572B400F7AF69 /* Frameworks */ = {
			isa = PBXFrameworksBuildPhase;
			buildActionMask = 2147483647;
			files = (
				D9B0323B180572B400F7AF69 /* CoreGraphics.framework in Frameworks */,
				D9B0323D180572B400F7AF69 /* UIKit.framework in Frameworks */,
				D9B03239180572B400F7AF69 /* Foundation.framework in Frameworks */,
			);
			runOnlyForDeploymentPostprocessing = 0;
		};
		D9B03256180572B400F7AF69 /* Frameworks */ = {
			isa = PBXFrameworksBuildPhase;
			buildActionMask = 2147483647;
			files = (
				D9B0325B180572B400F7AF69 /* XCTest.framework in Frameworks */,
				D9B0325D180572B400F7AF69 /* UIKit.framework in Frameworks */,
				D9B0325C180572B400F7AF69 /* Foundation.framework in Frameworks */,
			);
			runOnlyForDeploymentPostprocessing = 0;
		};
/* End PBXFrameworksBuildPhase section */

/* Begin PBXGroup section */
		D9B0322C180572B400F7AF69 = {
			isa = PBXGroup;
			children = (
				D9B0323E180572B400F7AF69 /* Hopper */,
				D9B03260180572B400F7AF69 /* HopperTests */,
				D9B03237180572B400F7AF69 /* Frameworks */,
				D9B03236180572B400F7AF69 /* Products */,
			);
			sourceTree = "<group>";
		};
		D9B03236180572B400F7AF69 /* Products */ = {
			isa = PBXGroup;
			children = (
				D9B03235180572B400F7AF69 /* Hopper.app */,
				D9B03259180572B400F7AF69 /* HopperTests.xctest */,
			);
			name = Products;
			sourceTree = "<group>";
		};
		D9B03237180572B400F7AF69 /* Frameworks */ = {
			isa = PBXGroup;
			children = (
				D9B03238180572B400F7AF69 /* Foundation.framework */,
				D9B0323A180572B400F7AF69 /* CoreGraphics.framework */,
				D9B0323C180572B400F7AF69 /* UIKit.framework */,
				D9B0325A180572B400F7AF69 /* XCTest.framework */,
			);
			name = Frameworks;
			sourceTree = "<group>";
		};
		D9B0323E180572B400F7AF69 /* Hopper */ = {
			isa = PBXGroup;
			children = (
				D9B03247180572B400F7AF69 /* AppDelegate.h */,
				D9B03248180572B400F7AF69 /* AppDelegate.m */,
				D9B0324A180572B400F7AF69 /* Main.storyboard */,
				D9B0324D180572B400F7AF69 /* MasterViewController.h */,
				D9B0324E180572B400F7AF69 /* MasterViewController.m */,
				D9B03250180572B400F7AF69 /* DetailViewController.h */,
				D9B03251180572B400F7AF69 /* DetailViewController.m */,
				D9B03253180572B400F7AF69 /* Images.xcassets */,
				D9B0323F180572B400F7AF69 /* Supporting Files */,
			);
			path = Hopper;
			sourceTree = "<group>";
		};
		D9B0323F180572B400F7AF69 /* Supporting Files */ = {
			isa = PBXGroup;
			children = (
				D9B03240180572B400F7AF69 /* Hopper-Info.plist */,
				D9B03241180572B400F7AF69 /* InfoPlist.strings */,
				D9B03244180572B400F7AF69 /* main.m */,
				D9B03246180572B400F7AF69 /* Hopper-Prefix.pch */,
			);
			name = "Supporting Files";
			sourceTree = "<group>";
		};
		D9B03260180572B400F7AF69 /* HopperTests */ = {
			isa = PBXGroup;
			children = (
				D9B03266180572B400F7AF69 /* HopperTests.m */,
				D9B03261180572B400F7AF69 /* Supporting Files */,
			);
			path = HopperTests;
			sourceTree = "<group>";
		};
		D9B03261180572B400F7AF69 /* Supporting Files */ = {
			isa = PBXGroup;
			children = (
				D9B03262180572B400F7AF69 /* HopperTests-Info.plist */,
				D9B03263180572B400F7AF69 /* InfoPlist.strings */,
			);
			name = "Supporting Files";
			sourceTree = "<group>";
		};
/* End PBXGroup section */

/* Begin PBXNativeTarget section */
		D9B03234180572B400F7AF69 /* Hopper */ = {
			isa = PBXNativeTarget;
			buildConfigurationList = D9B0326A180572B400F7AF69 /* Build configuration list for PBXNativeTarget "Hopper" */;
			buildPhases = (
				D9B03231180572B400F7AF69 /* Sources */,
				D9B03232180572B400F7AF69 /* Frameworks */,
				D9B03233180572B400F7AF69 /* Resources */,
			);
			buildRules = (
			);
			dependencies = (
			);
			name = Hopper;
			productName = Hopper;
			productReference = D9B03235180572B400F7AF69 /* Hopper.app */;
			productType = "com.apple.product-type.application";
		};
		D9B03258180572B400F7AF69 /* HopperTests */ = {
			isa = PBXNativeTarget;
			buildConfigurationList = D9B0326D180572B400F7AF69 /* Build configuration list for PBXNativeTarget "HopperTests" */;
			buildPhases = (
				D9B03255180572B400F7AF69 /* Sources */,
				D9B03256180572B400F7AF69 /* Frameworks */,
				D9B03257180572B400F7AF69 /* Resources */,
			);
			buildRules = (
			);
			dependencies = (
				D9B0325F180572B400F7AF69 /* PBXTargetDependency */,
			);
			name = HopperTests;
			productName = HopperTests;
			productReference = D9B03259180572B400F7AF69 /* HopperTests.xctest */;
			productType = "com.apple.product-type.bundle.unit-test";
		};
/* End PBXNativeTarget section */

/* Begin PBXProject section */
		D9B0322D180572B400F7AF69 /* Project object */ = {
			isa = PBXProject;
			attributes = {
				LastUpgradeCheck = 0500;
				ORGANIZATIONNAME = "Bright Stripe";
				TargetAttributes = {
					D9B03258180572B400F7AF69 = {
						TestTargetID = D9B03234180572B400F7AF69;
					};
				};
			};
			buildConfigurationList = D9B03230180572B400F7AF69 /* Build configuration list for PBXProject "Hopper" */;
			compatibilityVersion = "Xcode 3.2";
			developmentRegion = English;
			hasScannedForEncodings = 0;
			knownRegions = (
				en,
				Base,
			);
			mainGroup = D9B0322C180572B400F7AF69;
			productRefGroup = D9B03236180572B400F7AF69 /* Products */;
			projectDirPath = "";
			projectRoot = "";
			targets = (
				D9B03234180572B400F7AF69 /* Hopper */,
				D9B03258180572B400F7AF69 /* HopperTests */,
			);
		};
/* End PBXProject section */

/* Begin PBXResourcesBuildPhase section */
		D9B03233180572B400F7AF69 /* Resources */ = {
			isa = PBXResourcesBuildPhase;
			buildActionMask = 2147483647;
			files = (
				D9B03254180572B400F7AF69 /* Images.xcassets in Resources */,
				D9B03243180572B400F7AF69 /* InfoPlist.strings in Resources */,
				D9B0324C180572B400F7AF69 /* Main.storyboard in Resources */,
			);
			runOnlyForDeploymentPostprocessing = 0;
		};
		D9B03257180572B400F7AF69 /* Resources */ = {
			isa = PBXResourcesBuildPhase;
			buildActionMask = 2147483647;
			files = (
				D9B03265180572B400F7AF69 /* InfoPlist.strings in Resources */,
			);
			runOnlyForDeploymentPostprocessing = 0;
		};
/* End PBXResourcesBuildPhase section */

/* Begin PBXSourcesBuildPhase section */
		D9B03231180572B400F7AF69 /* Sources */ = {
			isa = PBXSourcesBuildPhase;
			buildActionMask = 2147483647;
			files = (
				D9B03249180572B400F7AF69 /* AppDelegate.m in Sources */,
				D9B0324F180572B400F7AF69 /* MasterViewController.m in Sources */,
				D9B03245180572B400F7AF69 /* main.m in Sources */,
				D9B03252180572B400F7AF69 /* DetailViewController.m in Sources */,
			);
			runOnlyForDeploymentPostprocessing = 0;
		};
		D9B03255180572B400F7AF69 /* Sources */ = {
			isa = PBXSourcesBuildPhase;
			buildActionMask = 2147483647;
			files = (
				D9B03267180572B400F7AF69 /* HopperTests.m in Sources */,
			);
			runOnlyForDeploymentPostprocessing = 0;
		};
/* End PBXSourcesBuildPhase section */

/* Begin PBXTargetDependency section */
		D9B0325F180572B400F7AF69 /* PBXTargetDependency */ = {
			isa = PBXTargetDependency;
			target = D9B03234180572B400F7AF69 /* Hopper */;
			targetProxy = D9B0325E180572B400F7AF69 /* PBXContainerItemProxy */;
		};
/* End PBXTargetDependency section */

/* Begin PBXVariantGroup section */
		D9B03241180572B400F7AF69 /* InfoPlist.strings */ = {
			isa = PBXVariantGroup;
			children = (
				D9B03242180572B400F7AF69 /* en */,
			);
			name = InfoPlist.strings;
			sourceTree = "<group>";
		};
		D9B0324A180572B400F7AF69 /* Main.storyboard */ = {
			isa = PBXVariantGroup;
			children = (
				D9B0324B180572B400F7AF69 /* Base */,
			);
			name = Main.storyboard;
			sourceTree = "<group>";
		};
		D9B03263180572B400F7AF69 /* InfoPlist.strings */ = {
			isa = PBXVariantGroup;
			children = (
				D9B03264180572B400F7AF69 /* en */,
			);
			name = InfoPlist.strings;
			sourceTree = "<group>";
		};
/* End PBXVariantGroup section */

/* Begin XCBuildConfiguration section */
		D9B03268180572B400F7AF69 /* Debug */ = {
			isa = XCBuildConfiguration;
			buildSettings = {
				ALWAYS_SEARCH_USER_PATHS = NO;
				ARCHS = "$(ARCHS_STANDARD_INCLUDING_64_BIT)";
				CLANG_CXX_LANGUAGE_STANDARD = "gnu++0x";
				CLANG_CXX_LIBRARY = "libc++";
				CLANG_ENABLE_MODULES = YES;
				CLANG_ENABLE_OBJC_ARC = YES;
				CLANG_WARN_BOOL_CONVERSION = YES;
				CLANG_WARN_CONSTANT_CONVERSION = YES;
				CLANG_WARN_DIRECT_OBJC_ISA_USAGE = YES_ERROR;
				CLANG_WARN_EMPTY_BODY = YES;
				CLANG_WARN_ENUM_CONVERSION = YES;
				CLANG_WARN_INT_CONVERSION = YES;
				CLANG_WARN_OBJC_ROOT_CLASS = YES_ERROR;
				CLANG_WARN__DUPLICATE_METHOD_MATCH = YES;
				"CODE_SIGN_IDENTITY[sdk=iphoneos*]" = "iPhone Developer";
				COPY_PHASE_STRIP = NO;
				GCC_C_LANGUAGE_STANDARD = gnu99;
				GCC_DYNAMIC_NO_PIC = NO;
				GCC_OPTIMIZATION_LEVEL = 0;
				GCC_PREPROCESSOR_DEFINITIONS = (
					"DEBUG=1",
					"$(inherited)",
				);
				GCC_SYMBOLS_PRIVATE_EXTERN = NO;
				GCC_WARN_64_TO_32_BIT_CONVERSION = YES;
				GCC_WARN_ABOUT_RETURN_TYPE = YES_ERROR;
				GCC_WARN_UNDECLARED_SELECTOR = YES;
				GCC_WARN_UNINITIALIZED_AUTOS = YES;
				GCC_WARN_UNUSED_FUNCTION = YES;
				GCC_WARN_UNUSED_VARIABLE = YES;
				IPHONEOS_DEPLOYMENT_TARGET = 7.0;
				ONLY_ACTIVE_ARCH = YES;
				SDKROOT = iphoneos;
			};
			name = Debug;
		};
		D9B03269180572B400F7AF69 /* Release */ = {
			isa = XCBuildConfiguration;
			buildSettings = {
				ALWAYS_SEARCH_USER_PATHS = NO;
				ARCHS = "$(ARCHS_STANDARD_INCLUDING_64_BIT)";
				CLANG_CXX_LANGUAGE_STANDARD = "gnu++0x";
				CLANG_CXX_LIBRARY = "libc++";
				CLANG_ENABLE_MODULES = YES;
				CLANG_ENABLE_OBJC_ARC = YES;
				CLANG_WARN_BOOL_CONVERSION = YES;
				CLANG_WARN_CONSTANT_CONVERSION = YES;
				CLANG_WARN_DIRECT_OBJC_ISA_USAGE = YES_ERROR;
				CLANG_WARN_EMPTY_BODY = YES;
				CLANG_WARN_ENUM_CONVERSION = YES;
				CLANG_WARN_INT_CONVERSION = YES;
				CLANG_WARN_OBJC_ROOT_CLASS = YES_ERROR;
				CLANG_WARN__DUPLICATE_METHOD_MATCH = YES;
				"CODE_SIGN_IDENTITY[sdk=iphoneos*]" = "iPhone Developer";
				COPY_PHASE_STRIP = YES;
				ENABLE_NS_ASSERTIONS = NO;
				GCC_C_LANGUAGE_STANDARD = gnu99;
				GCC_WARN_64_TO_32_BIT_CONVERSION = YES;
				GCC_WARN_ABOUT_RETURN_TYPE = YES_ERROR;
				GCC_WARN_UNDECLARED_SELECTOR = YES;
				GCC_WARN_UNINITIALIZED_AUTOS = YES;
				GCC_WARN_UNUSED_FUNCTION = YES;
				GCC_WARN_UNUSED_VARIABLE = YES;
				IPHONEOS_DEPLOYMENT_TARGET = 7.0;
				SDKROOT = iphoneos;
				VALIDATE_PRODUCT = YES;
			};
			name = Release;
		};
		D9B0326B180572B400F7AF69 /* Debug */ = {
			isa = XCBuildConfiguration;
			buildSettings = {
				ASSETCATALOG_COMPILER_APPICON_NAME = AppIcon;
				ASSETCATALOG_COMPILER_LAUNCHIMAGE_NAME = LaunchImage;
				GCC_PRECOMPILE_PREFIX_HEADER = YES;
				GCC_PREFIX_HEADER = "Hopper/Hopper-Prefix.pch";
				INFOPLIST_FILE = "Hopper/Hopper-Info.plist";
				PRODUCT_NAME = "$(TARGET_NAME)";
				WRAPPER_EXTENSION = app;
			};
			name = Debug;
		};
		D9B0326C180572B400F7AF69 /* Release */ = {
			isa = XCBuildConfiguration;
			buildSettings = {
				ASSETCATALOG_COMPILER_APPICON_NAME = AppIcon;
				ASSETCATALOG_COMPILER_LAUNCHIMAGE_NAME = LaunchImage;
				GCC_PRECOMPILE_PREFIX_HEADER = YES;
				GCC_PREFIX_HEADER = "Hopper/Hopper-Prefix.pch";
				INFOPLIST_FILE = "Hopper/Hopper-Info.plist";
				PRODUCT_NAME = "$(TARGET_NAME)";
				WRAPPER_EXTENSION = app;
			};
			name = Release;
		};
		D9B0326E180572B400F7AF69 /* Debug */ = {
			isa = XCBuildConfiguration;
			buildSettings = {
				ARCHS = "$(ARCHS_STANDARD_INCLUDING_64_BIT)";
				BUNDLE_LOADER = "$(BUILT_PRODUCTS_DIR)/Hopper.app/Hopper";
				FRAMEWORK_SEARCH_PATHS = (
					"$(SDKROOT)/Developer/Library/Frameworks",
					"$(inherited)",
					"$(DEVELOPER_FRAMEWORKS_DIR)",
				);
				GCC_PRECOMPILE_PREFIX_HEADER = YES;
				GCC_PREFIX_HEADER = "Hopper/Hopper-Prefix.pch";
				GCC_PREPROCESSOR_DEFINITIONS = (
					"DEBUG=1",
					"$(inherited)",
				);
				INFOPLIST_FILE = "HopperTests/HopperTests-Info.plist";
				PRODUCT_NAME = "$(TARGET_NAME)";
				TEST_HOST = "$(BUNDLE_LOADER)";
				WRAPPER_EXTENSION = xctest;
			};
			name = Debug;
		};
		D9B0326F180572B400F7AF69 /* Release */ = {
			isa = XCBuildConfiguration;
			buildSettings = {
				ARCHS = "$(ARCHS_STANDARD_INCLUDING_64_BIT)";
				BUNDLE_LOADER = "$(BUILT_PRODUCTS_DIR)/Hopper.app/Hopper";
				FRAMEWORK_SEARCH_PATHS = (
					"$(SDKROOT)/Developer/Library/Frameworks",
					"$(inherited)",
					"$(DEVELOPER_FRAMEWORKS_DIR)",
				);
				GCC_PRECOMPILE_PREFIX_HEADER = YES;
				GCC_PREFIX_HEADER = "Hopper/Hopper-Prefix.pch";
				INFOPLIST_FILE = "HopperTests/HopperTests-Info.plist";
				PRODUCT_NAME = "$(TARGET_NAME)";
				TEST_HOST = "$(BUNDLE_LOADER)";
				WRAPPER_EXTENSION = xctest;
			};
			name = Release;
		};
/* End XCBuildConfiguration section */

/* Begin XCConfigurationList section */
		D9B03230180572B400F7AF69 /* Build configuration list for PBXProject "Hopper" */ = {
			isa = XCConfigurationList;
			buildConfigurations = (
				D9B03268180572B400F7AF69 /* Debug */,
				D9B03269180572B400F7AF69 /* Release */,
			);
			defaultConfigurationIsVisible = 0;
			defaultConfigurationName = Release;
		};
		D9B0326A180572B400F7AF69 /* Build configuration list for PBXNativeTarget "Hopper" */ = {
			isa = XCConfigurationList;
			buildConfigurations = (
				D9B0326B180572B400F7AF69 /* Debug */,
				D9B0326C180572B400F7AF69 /* Release */,
			);
			defaultConfigurationIsVisible = 0;
		};
		D9B0326D180572B400F7AF69 /* Build configuration list for PBXNativeTarget "HopperTests" */ = {
			isa = XCConfigurationList;
			buildConfigurations = (
				D9B0326E180572B400F7AF69 /* Debug */,
				D9B0326F180572B400F7AF69 /* Release */,
			);
			defaultConfigurationIsVisible = 0;
		};
/* End XCConfigurationList section */
	};
	rootObject = D9B0322D180572B400F7AF69 /* Project object */;
}
